// !$*UTF8*$!
{
	archiveVersion = 1;
	classes = {
	};
	objectVersion = 46;
	objects = {

/* Begin PBXBuildFile section */
		9400629C1964AE0700B5D811 /* normalproceed.png in Resources */ = {isa = PBXBuildFile; fileRef = 9400629B1964AE0700B5D811 /* normalproceed.png */; };
		940339E1195F78B300FD9516 /* StoreKit.framework in Frameworks */ = {isa = PBXBuildFile; fileRef = 940339E0195F78B300FD9516 /* StoreKit.framework */; };
		94033A14196205D200FD9516 /* NormalStrategic.m in Sources */ = {isa = PBXBuildFile; fileRef = 94033A13196205D200FD9516 /* NormalStrategic.m */; };
		9422FD2619FDD5CF001FD0F6 /* boken.sks in Resources */ = {isa = PBXBuildFile; fileRef = 9422FD2419FDD5CF001FD0F6 /* boken.sks */; };
		9422FD2719FDD5CF001FD0F6 /* bokeh.png in Resources */ = {isa = PBXBuildFile; fileRef = 9422FD2519FDD5CF001FD0F6 /* bokeh.png */; };
		945D89E119FC7A3500218159 /* spark.png in Resources */ = {isa = PBXBuildFile; fileRef = 945D89DF19FC7A3500218159 /* spark.png */; };
		945D89E319FC7F9B00218159 /* explode.sks in Resources */ = {isa = PBXBuildFile; fileRef = 945D89E219FC7F9B00218159 /* explode.sks */; };
		946E19D71A2411780069C44B /* angel.png in Resources */ = {isa = PBXBuildFile; fileRef = 946E19B71A2411780069C44B /* angel.png */; };
		946E19D81A2411780069C44B /* continue.png in Resources */ = {isa = PBXBuildFile; fileRef = 946E19B81A2411780069C44B /* continue.png */; };
		946E19D91A2411780069C44B /* gem.png in Resources */ = {isa = PBXBuildFile; fileRef = 946E19B91A2411780069C44B /* gem.png */; };
		946E19DA1A2411780069C44B /* night_angel.png in Resources */ = {isa = PBXBuildFile; fileRef = 946E19BA1A2411780069C44B /* night_angel.png */; };
		946E19DB1A2411780069C44B /* night_continue.png in Resources */ = {isa = PBXBuildFile; fileRef = 946E19BB1A2411780069C44B /* night_continue.png */; };
		946E19DC1A2411780069C44B /* night_revive.png in Resources */ = {isa = PBXBuildFile; fileRef = 946E19BC1A2411780069C44B /* night_revive.png */; };
		946E19DD1A2411780069C44B /* revive.png in Resources */ = {isa = PBXBuildFile; fileRef = 946E19BD1A2411780069C44B /* revive.png */; };
		946E19DE1A2411780069C44B /* dinbek-black.ttf in Resources */ = {isa = PBXBuildFile; fileRef = 946E19BF1A2411780069C44B /* dinbek-black.ttf */; };
		946E19E01A2411780069C44B /* night_store_1250.png in Resources */ = {isa = PBXBuildFile; fileRef = 946E19C11A2411780069C44B /* night_store_1250.png */; };
		946E19E11A2411780069C44B /* night_store_15.png in Resources */ = {isa = PBXBuildFile; fileRef = 946E19C21A2411780069C44B /* night_store_15.png */; };
		946E19E21A2411780069C44B /* night_store_190.png in Resources */ = {isa = PBXBuildFile; fileRef = 946E19C31A2411780069C44B /* night_store_190.png */; };
		946E19E31A2411780069C44B /* night_store_2750.png in Resources */ = {isa = PBXBuildFile; fileRef = 946E19C41A2411780069C44B /* night_store_2750.png */; };
		946E19E41A2411780069C44B /* night_store_285.png in Resources */ = {isa = PBXBuildFile; fileRef = 946E19C51A2411780069C44B /* night_store_285.png */; };
		946E19E51A2411780069C44B /* night_store_35.png in Resources */ = {isa = PBXBuildFile; fileRef = 946E19C61A2411780069C44B /* night_store_35.png */; };
		946E19E61A2411780069C44B /* night_store_400.png in Resources */ = {isa = PBXBuildFile; fileRef = 946E19C71A2411780069C44B /* night_store_400.png */; };
		946E19E71A2411780069C44B /* night_store_500.png in Resources */ = {isa = PBXBuildFile; fileRef = 946E19C81A2411780069C44B /* night_store_500.png */; };
		946E19E81A2411780069C44B /* night_store_75.png in Resources */ = {isa = PBXBuildFile; fileRef = 946E19C91A2411780069C44B /* night_store_75.png */; };
		946E19E91A2411780069C44B /* night_store_exit.png in Resources */ = {isa = PBXBuildFile; fileRef = 946E19CA1A2411780069C44B /* night_store_exit.png */; };
		946E19EA1A2411780069C44B /* night_store_icon.png in Resources */ = {isa = PBXBuildFile; fileRef = 946E19CB1A2411780069C44B /* night_store_icon.png */; };
		946E19EB1A2411780069C44B /* store_1250.png in Resources */ = {isa = PBXBuildFile; fileRef = 946E19CC1A2411780069C44B /* store_1250.png */; };
		946E19EC1A2411780069C44B /* store_15.png in Resources */ = {isa = PBXBuildFile; fileRef = 946E19CD1A2411780069C44B /* store_15.png */; };
		946E19ED1A2411780069C44B /* store_190.png in Resources */ = {isa = PBXBuildFile; fileRef = 946E19CE1A2411780069C44B /* store_190.png */; };
		946E19EE1A2411780069C44B /* store_2750.png in Resources */ = {isa = PBXBuildFile; fileRef = 946E19CF1A2411780069C44B /* store_2750.png */; };
		946E19EF1A2411780069C44B /* store_285.png in Resources */ = {isa = PBXBuildFile; fileRef = 946E19D01A2411780069C44B /* store_285.png */; };
		946E19F01A2411780069C44B /* store_35.png in Resources */ = {isa = PBXBuildFile; fileRef = 946E19D11A2411780069C44B /* store_35.png */; };
		946E19F11A2411780069C44B /* store_400.png in Resources */ = {isa = PBXBuildFile; fileRef = 946E19D21A2411780069C44B /* store_400.png */; };
		946E19F21A2411780069C44B /* store_500.png in Resources */ = {isa = PBXBuildFile; fileRef = 946E19D31A2411780069C44B /* store_500.png */; };
		946E19F31A2411780069C44B /* store_75.png in Resources */ = {isa = PBXBuildFile; fileRef = 946E19D41A2411780069C44B /* store_75.png */; };
		946E19F41A2411780069C44B /* store_exit.png in Resources */ = {isa = PBXBuildFile; fileRef = 946E19D51A2411780069C44B /* store_exit.png */; };
		946E19F51A2411780069C44B /* store_icon.png in Resources */ = {isa = PBXBuildFile; fileRef = 946E19D61A2411780069C44B /* store_icon.png */; };
		946E19FC1A2418290069C44B /* Store.m in Sources */ = {isa = PBXBuildFile; fileRef = 946E19FB1A2418290069C44B /* Store.m */; };
		94792A921958EBCF004A6404 /* Splashscreen.m in Sources */ = {isa = PBXBuildFile; fileRef = 94792A911958EBCF004A6404 /* Splashscreen.m */; };
		94792ACB1958FA17004A6404 /* QuartzCore.framework in Frameworks */ = {isa = PBXBuildFile; fileRef = 94792ACA1958FA17004A6404 /* QuartzCore.framework */; };
		94792AD0195B6FEA004A6404 /* iPad2iPadmini.png in Resources */ = {isa = PBXBuildFile; fileRef = 94792ACC195B6FEA004A6404 /* iPad2iPadmini.png */; };
		94792AD1195B6FEA004A6404 /* iPadiPadmini.png in Resources */ = {isa = PBXBuildFile; fileRef = 94792ACD195B6FEA004A6404 /* iPadiPadmini.png */; };
		94792AD2195B6FEA004A6404 /* iPodiPhone4.png in Resources */ = {isa = PBXBuildFile; fileRef = 94792ACE195B6FEA004A6404 /* iPodiPhone4.png */; };
		94792AD3195B6FEA004A6404 /* iPodiPhone5.png in Resources */ = {isa = PBXBuildFile; fileRef = 94792ACF195B6FEA004A6404 /* iPodiPhone5.png */; };
		94792ADC195BAA16004A6404 /* GameKit.framework in Frameworks */ = {isa = PBXBuildFile; fileRef = 94792ADB195BAA16004A6404 /* GameKit.framework */; };
		947A9F5519589907006AE1C9 /* Menu.m in Sources */ = {isa = PBXBuildFile; fileRef = 947A9F5419589907006AE1C9 /* Menu.m */; };
		948213CB1A0FF53100B0FAAB /* AppIcon29x29.png in Resources */ = {isa = PBXBuildFile; fileRef = 948213BB1A0FF53100B0FAAB /* AppIcon29x29.png */; };
		948213CC1A0FF53100B0FAAB /* AppIcon29x29@2x.png in Resources */ = {isa = PBXBuildFile; fileRef = 948213BC1A0FF53100B0FAAB /* AppIcon29x29@2x.png */; };
		948213CD1A0FF53100B0FAAB /* AppIcon40x40.png in Resources */ = {isa = PBXBuildFile; fileRef = 948213BD1A0FF53100B0FAAB /* AppIcon40x40.png */; };
		948213CE1A0FF53100B0FAAB /* AppIcon40x40@2x.png in Resources */ = {isa = PBXBuildFile; fileRef = 948213BE1A0FF53100B0FAAB /* AppIcon40x40@2x.png */; };
		948213CF1A0FF53100B0FAAB /* AppIcon50x50.png in Resources */ = {isa = PBXBuildFile; fileRef = 948213BF1A0FF53100B0FAAB /* AppIcon50x50.png */; };
		948213D01A0FF53100B0FAAB /* AppIcon50x50@2x.png in Resources */ = {isa = PBXBuildFile; fileRef = 948213C01A0FF53100B0FAAB /* AppIcon50x50@2x.png */; };
		948213D11A0FF53100B0FAAB /* AppIcon57x57.png in Resources */ = {isa = PBXBuildFile; fileRef = 948213C11A0FF53100B0FAAB /* AppIcon57x57.png */; };
		948213D21A0FF53100B0FAAB /* AppIcon57x57@2x.png in Resources */ = {isa = PBXBuildFile; fileRef = 948213C21A0FF53100B0FAAB /* AppIcon57x57@2x.png */; };
		948213D31A0FF53100B0FAAB /* AppIcon60x60.png in Resources */ = {isa = PBXBuildFile; fileRef = 948213C31A0FF53100B0FAAB /* AppIcon60x60.png */; };
		948213D41A0FF53100B0FAAB /* AppIcon60x60@2x.png in Resources */ = {isa = PBXBuildFile; fileRef = 948213C41A0FF53100B0FAAB /* AppIcon60x60@2x.png */; };
		948213D51A0FF53100B0FAAB /* AppIcon72x72.png in Resources */ = {isa = PBXBuildFile; fileRef = 948213C51A0FF53100B0FAAB /* AppIcon72x72.png */; };
		948213D61A0FF53100B0FAAB /* AppIcon72x72@2x.png in Resources */ = {isa = PBXBuildFile; fileRef = 948213C61A0FF53100B0FAAB /* AppIcon72x72@2x.png */; };
		948213D71A0FF53100B0FAAB /* AppIcon76x76.png in Resources */ = {isa = PBXBuildFile; fileRef = 948213C71A0FF53100B0FAAB /* AppIcon76x76.png */; };
		948213D81A0FF53100B0FAAB /* AppIcon76x76@2x.png in Resources */ = {isa = PBXBuildFile; fileRef = 948213C81A0FF53100B0FAAB /* AppIcon76x76@2x.png */; };
		948213D91A0FF53100B0FAAB /* iTunesArtwork.png in Resources */ = {isa = PBXBuildFile; fileRef = 948213C91A0FF53100B0FAAB /* iTunesArtwork.png */; };
		948213DA1A0FF53100B0FAAB /* iTunesArtwork@2x.png in Resources */ = {isa = PBXBuildFile; fileRef = 948213CA1A0FF53100B0FAAB /* iTunesArtwork@2x.png */; };
		948213DC1A0FF53A00B0FAAB /* appicon.png in Resources */ = {isa = PBXBuildFile; fileRef = 948213DB1A0FF53A00B0FAAB /* appicon.png */; };
		948213E01A0FF54500B0FAAB /* bounce_sound.mp3 in Resources */ = {isa = PBXBuildFile; fileRef = 948213DE1A0FF54500B0FAAB /* bounce_sound.mp3 */; };
		948213E11A0FF54500B0FAAB /* toggle_sound.mp3 in Resources */ = {isa = PBXBuildFile; fileRef = 948213DF1A0FF54500B0FAAB /* toggle_sound.mp3 */; };
		948213F71A0FF55E00B0FAAB /* night_background.png in Resources */ = {isa = PBXBuildFile; fileRef = 948213E31A0FF55E00B0FAAB /* night_background.png */; };
		948213F81A0FF55E00B0FAAB /* night_ball.png in Resources */ = {isa = PBXBuildFile; fileRef = 948213E41A0FF55E00B0FAAB /* night_ball.png */; };
		948213F91A0FF55E00B0FAAB /* night_credits.png in Resources */ = {isa = PBXBuildFile; fileRef = 948213E51A0FF55E00B0FAAB /* night_credits.png */; };
		948213FA1A0FF55E00B0FAAB /* night_exit.png in Resources */ = {isa = PBXBuildFile; fileRef = 948213E61A0FF55E00B0FAAB /* night_exit.png */; };
		948213FB1A0FF55E00B0FAAB /* night_feedback.png in Resources */ = {isa = PBXBuildFile; fileRef = 948213E71A0FF55E00B0FAAB /* night_feedback.png */; };
		948213FC1A0FF55E00B0FAAB /* night_gamecenter.png in Resources */ = {isa = PBXBuildFile; fileRef = 948213E81A0FF55E00B0FAAB /* night_gamecenter.png */; };
		948213FD1A0FF55E00B0FAAB /* night_light.png in Resources */ = {isa = PBXBuildFile; fileRef = 948213E91A0FF55E00B0FAAB /* night_light.png */; };
		948213FE1A0FF55E00B0FAAB /* night_particle.png in Resources */ = {isa = PBXBuildFile; fileRef = 948213EA1A0FF55E00B0FAAB /* night_particle.png */; };
		948213FF1A0FF55E00B0FAAB /* night_pause_button.png in Resources */ = {isa = PBXBuildFile; fileRef = 948213EB1A0FF55E00B0FAAB /* night_pause_button.png */; };
		948214001A0FF55E00B0FAAB /* night_play.png in Resources */ = {isa = PBXBuildFile; fileRef = 948213EC1A0FF55E00B0FAAB /* night_play.png */; };
		948214011A0FF55E00B0FAAB /* night_proceed.png in Resources */ = {isa = PBXBuildFile; fileRef = 948213ED1A0FF55E00B0FAAB /* night_proceed.png */; };
		948214021A0FF55E00B0FAAB /* night_quote1.png in Resources */ = {isa = PBXBuildFile; fileRef = 948213EE1A0FF55E00B0FAAB /* night_quote1.png */; };
		948214031A0FF55E00B0FAAB /* night_quote2.png in Resources */ = {isa = PBXBuildFile; fileRef = 948213EF1A0FF55E00B0FAAB /* night_quote2.png */; };
		948214041A0FF55E00B0FAAB /* night_rate.png in Resources */ = {isa = PBXBuildFile; fileRef = 948213F01A0FF55E00B0FAAB /* night_rate.png */; };
		948214051A0FF55E00B0FAAB /* night_rybel.png in Resources */ = {isa = PBXBuildFile; fileRef = 948213F11A0FF55E00B0FAAB /* night_rybel.png */; };
		948214061A0FF55E00B0FAAB /* night_sound_off.png in Resources */ = {isa = PBXBuildFile; fileRef = 948213F21A0FF55E00B0FAAB /* night_sound_off.png */; };
		948214071A0FF55E00B0FAAB /* night_sound_on.png in Resources */ = {isa = PBXBuildFile; fileRef = 948213F31A0FF55E00B0FAAB /* night_sound_on.png */; };
		948214091A0FF55E00B0FAAB /* night_timed.png in Resources */ = {isa = PBXBuildFile; fileRef = 948213F51A0FF55E00B0FAAB /* night_timed.png */; };
		9482140A1A0FF55E00B0FAAB /* night_title.png in Resources */ = {isa = PBXBuildFile; fileRef = 948213F61A0FF55E00B0FAAB /* night_title.png */; };
		948214141A0FF57400B0FAAB /* black_overlay.png in Resources */ = {isa = PBXBuildFile; fileRef = 9482140C1A0FF57400B0FAAB /* black_overlay.png */; };
		948214151A0FF57400B0FAAB /* clockscore.png in Resources */ = {isa = PBXBuildFile; fileRef = 9482140D1A0FF57400B0FAAB /* clockscore.png */; };
		948214161A0FF57400B0FAAB /* goalscore.png in Resources */ = {isa = PBXBuildFile; fileRef = 9482140E1A0FF57400B0FAAB /* goalscore.png */; };
		948214171A0FF57400B0FAAB /* post_exit.png in Resources */ = {isa = PBXBuildFile; fileRef = 9482140F1A0FF57400B0FAAB /* post_exit.png */; };
		948214181A0FF57400B0FAAB /* post_gamecenter.png in Resources */ = {isa = PBXBuildFile; fileRef = 948214101A0FF57400B0FAAB /* post_gamecenter.png */; };
		948214191A0FF57400B0FAAB /* post_rate.png in Resources */ = {isa = PBXBuildFile; fileRef = 948214111A0FF57400B0FAAB /* post_rate.png */; };
		9482141A1A0FF57400B0FAAB /* post_replay.png in Resources */ = {isa = PBXBuildFile; fileRef = 948214121A0FF57400B0FAAB /* post_replay.png */; };
		9482141B1A0FF57400B0FAAB /* post_share.png in Resources */ = {isa = PBXBuildFile; fileRef = 948214131A0FF57400B0FAAB /* post_share.png */; };
		948214221A0FF58C00B0FAAB /* black_overlay.png in Resources */ = {isa = PBXBuildFile; fileRef = 9482141D1A0FF58C00B0FAAB /* black_overlay.png */; };
		948214231A0FF58C00B0FAAB /* pause_exit.png in Resources */ = {isa = PBXBuildFile; fileRef = 9482141E1A0FF58C00B0FAAB /* pause_exit.png */; };
		948214241A0FF58C00B0FAAB /* pause_icon.png in Resources */ = {isa = PBXBuildFile; fileRef = 9482141F1A0FF58C00B0FAAB /* pause_icon.png */; };
		948214251A0FF58C00B0FAAB /* pause_restart.png in Resources */ = {isa = PBXBuildFile; fileRef = 948214201A0FF58C00B0FAAB /* pause_restart.png */; };
		948214261A0FF58C00B0FAAB /* pause_resume.png in Resources */ = {isa = PBXBuildFile; fileRef = 948214211A0FF58C00B0FAAB /* pause_resume.png */; };
		9482143C1A0FF59300B0FAAB /* background.png in Resources */ = {isa = PBXBuildFile; fileRef = 948214281A0FF59300B0FAAB /* background.png */; };
		9482143D1A0FF59300B0FAAB /* ball.png in Resources */ = {isa = PBXBuildFile; fileRef = 948214291A0FF59300B0FAAB /* ball.png */; };
		9482143E1A0FF59300B0FAAB /* credits.png in Resources */ = {isa = PBXBuildFile; fileRef = 9482142A1A0FF59300B0FAAB /* credits.png */; };
		9482143F1A0FF59300B0FAAB /* exit.png in Resources */ = {isa = PBXBuildFile; fileRef = 9482142B1A0FF59300B0FAAB /* exit.png */; };
		948214401A0FF59300B0FAAB /* feedback.png in Resources */ = {isa = PBXBuildFile; fileRef = 9482142C1A0FF59300B0FAAB /* feedback.png */; };
		948214411A0FF59300B0FAAB /* gamecenter.png in Resources */ = {isa = PBXBuildFile; fileRef = 9482142D1A0FF59300B0FAAB /* gamecenter.png */; };
		948214421A0FF59300B0FAAB /* light.png in Resources */ = {isa = PBXBuildFile; fileRef = 9482142E1A0FF59300B0FAAB /* light.png */; };
		948214431A0FF59300B0FAAB /* particle.png in Resources */ = {isa = PBXBuildFile; fileRef = 9482142F1A0FF59300B0FAAB /* particle.png */; };
		948214441A0FF59300B0FAAB /* pause_button.png in Resources */ = {isa = PBXBuildFile; fileRef = 948214301A0FF59300B0FAAB /* pause_button.png */; };
		948214451A0FF59300B0FAAB /* play.png in Resources */ = {isa = PBXBuildFile; fileRef = 948214311A0FF59300B0FAAB /* play.png */; };
		948214461A0FF59300B0FAAB /* proceed.png in Resources */ = {isa = PBXBuildFile; fileRef = 948214321A0FF59300B0FAAB /* proceed.png */; };
		948214471A0FF59300B0FAAB /* quote1.png in Resources */ = {isa = PBXBuildFile; fileRef = 948214331A0FF59300B0FAAB /* quote1.png */; };
		948214481A0FF59300B0FAAB /* quote2.png in Resources */ = {isa = PBXBuildFile; fileRef = 948214341A0FF59300B0FAAB /* quote2.png */; };
		948214491A0FF59300B0FAAB /* rate.png in Resources */ = {isa = PBXBuildFile; fileRef = 948214351A0FF59300B0FAAB /* rate.png */; };
		9482144A1A0FF59300B0FAAB /* rybel.png in Resources */ = {isa = PBXBuildFile; fileRef = 948214361A0FF59300B0FAAB /* rybel.png */; };
		9482144B1A0FF59300B0FAAB /* sound_off.png in Resources */ = {isa = PBXBuildFile; fileRef = 948214371A0FF59300B0FAAB /* sound_off.png */; };
		9482144C1A0FF59300B0FAAB /* sound_on.png in Resources */ = {isa = PBXBuildFile; fileRef = 948214381A0FF59300B0FAAB /* sound_on.png */; };
		9482144E1A0FF59300B0FAAB /* timed.png in Resources */ = {isa = PBXBuildFile; fileRef = 9482143A1A0FF59300B0FAAB /* timed.png */; };
		9482144F1A0FF59300B0FAAB /* title.png in Resources */ = {isa = PBXBuildFile; fileRef = 9482143B1A0FF59300B0FAAB /* title.png */; };
		9482145A1A10466900B0FAAB /* DS1.ttf in Resources */ = {isa = PBXBuildFile; fileRef = 948214551A0FF5AA00B0FAAB /* DS1.ttf */; };
		9482145B1A10466900B0FAAB /* DS3.ttf in Resources */ = {isa = PBXBuildFile; fileRef = 948214521A0FF59F00B0FAAB /* DS3.ttf */; };
		9482145C1A10466900B0FAAB /* DS4.ttf in Resources */ = {isa = PBXBuildFile; fileRef = 948214531A0FF59F00B0FAAB /* DS4.ttf */; };
		94911A4E1A19173200B0FCAD /* night_strategy.png in Resources */ = {isa = PBXBuildFile; fileRef = 94911A4D1A19173200B0FCAD /* night_strategy.png */; };
		94932F4619E1ADB800B533AA /* Settings.bundle in Resources */ = {isa = PBXBuildFile; fileRef = 94932F4519E1ADB800B533AA /* Settings.bundle */; };
		94932F4919E4B54B00B533AA /* AudioToolbox.framework in Frameworks */ = {isa = PBXBuildFile; fileRef = 94792ADD195CDE23004A6404 /* AudioToolbox.framework */; };
		9497932E1A17CD3000876461 /* goal.png in Resources */ = {isa = PBXBuildFile; fileRef = 9497932C1A17CD3000876461 /* goal.png */; };
		9497932F1A17CD3000876461 /* strategy.png in Resources */ = {isa = PBXBuildFile; fileRef = 9497932D1A17CD3000876461 /* strategy.png */; };
		949793311A17CDB200876461 /* night_goal.png in Resources */ = {isa = PBXBuildFile; fileRef = 949793301A17CDB200876461 /* night_goal.png */; };
		949793341A17D47300876461 /* end_noise.mp3 in Resources */ = {isa = PBXBuildFile; fileRef = 949793321A17D47300876461 /* end_noise.mp3 */; };
		949793351A17D47300876461 /* goal_contact.mp3 in Resources */ = {isa = PBXBuildFile; fileRef = 949793331A17D47300876461 /* goal_contact.mp3 */; };
		94C7FEAB194E3CDF00270AE8 /* main.m in Sources */ = {isa = PBXBuildFile; fileRef = 94C7FEAA194E3CDF00270AE8 /* main.m */; };
		94C7FEAE194E3CDF00270AE8 /* AppDelegate.m in Sources */ = {isa = PBXBuildFile; fileRef = 94C7FEAD194E3CDF00270AE8 /* AppDelegate.m */; };
		94C7FEB1194E3CDF00270AE8 /* Bounce_ball.xcdatamodeld in Sources */ = {isa = PBXBuildFile; fileRef = 94C7FEAF194E3CDF00270AE8 /* Bounce_ball.xcdatamodeld */; };
		94C7FEB4194E3CDF00270AE8 /* ViewController.m in Sources */ = {isa = PBXBuildFile; fileRef = 94C7FEB3194E3CDF00270AE8 /* ViewController.m */; };
		94C7FEB7194E3CDF00270AE8 /* Main.storyboard in Resources */ = {isa = PBXBuildFile; fileRef = 94C7FEB5194E3CDF00270AE8 /* Main.storyboard */; };
		94C7FEC5194E3CDF00270AE8 /* Bounce_ballTests.m in Sources */ = {isa = PBXBuildFile; fileRef = 94C7FEC4194E3CDF00270AE8 /* Bounce_ballTests.m */; };
		94C7FECF194E3DE600270AE8 /* SpriteKit.framework in Frameworks */ = {isa = PBXBuildFile; fileRef = 94C7FECE194E3DE600270AE8 /* SpriteKit.framework */; };
		94C9B6BA1979AC9F00AE4BF2 /* nightquote1.png in Resources */ = {isa = PBXBuildFile; fileRef = 94C9B6B61979AC9F00AE4BF2 /* nightquote1.png */; };
		94C9B6BB1979AC9F00AE4BF2 /* nightquote2.png in Resources */ = {isa = PBXBuildFile; fileRef = 94C9B6B71979AC9F00AE4BF2 /* nightquote2.png */; };
		94C9B6BC1979AC9F00AE4BF2 /* normalquote1.png in Resources */ = {isa = PBXBuildFile; fileRef = 94C9B6B81979AC9F00AE4BF2 /* normalquote1.png */; };
		94C9B6BD1979AC9F00AE4BF2 /* normalquote2.png in Resources */ = {isa = PBXBuildFile; fileRef = 94C9B6B91979AC9F00AE4BF2 /* normalquote2.png */; };
		94D31A48197236FE006E21C2 /* Normal.m in Sources */ = {isa = PBXBuildFile; fileRef = 94D31A47197236FE006E21C2 /* Normal.m */; };
		94D31A531972483E006E21C2 /* strategyproceed.png in Resources */ = {isa = PBXBuildFile; fileRef = 94D31A4F1972483E006E21C2 /* strategyproceed.png */; };
		94D31A571972C392006E21C2 /* iAd.framework in Frameworks */ = {isa = PBXBuildFile; fileRef = 94D31A561972C392006E21C2 /* iAd.framework */; };
		94E19B93196C8F4600893DEE /* Media.xcassets in Resources */ = {isa = PBXBuildFile; fileRef = 94E19B92196C8F4600893DEE /* Media.xcassets */; };
		94E19B96196C93C600893DEE /* Credits.m in Sources */ = {isa = PBXBuildFile; fileRef = 94E19B95196C93C600893DEE /* Credits.m */; };
		94E19B98196C955200893DEE /* Prototype.ttf in Resources */ = {isa = PBXBuildFile; fileRef = 94E19B97196C955200893DEE /* Prototype.ttf */; };
		94F843DD196E4EF100461256 /* MessageUI.framework in Frameworks */ = {isa = PBXBuildFile; fileRef = 94F843DC196E4EF100461256 /* MessageUI.framework */; };
/* End PBXBuildFile section */

/* Begin PBXContainerItemProxy section */
		94C7FEBF194E3CDF00270AE8 /* PBXContainerItemProxy */ = {
			isa = PBXContainerItemProxy;
			containerPortal = 94C7FE9D194E3CDF00270AE8 /* Project object */;
			proxyType = 1;
			remoteGlobalIDString = 94C7FEA4194E3CDF00270AE8;
			remoteInfo = "Bounce ball";
		};
/* End PBXContainerItemProxy section */

/* Begin PBXFileReference section */
		9400629B1964AE0700B5D811 /* normalproceed.png */ = {isa = PBXFileReference; lastKnownFileType = image.png; name = normalproceed.png; path = ../normalproceed.png; sourceTree = "<group>"; };
		940339E0195F78B300FD9516 /* StoreKit.framework */ = {isa = PBXFileReference; lastKnownFileType = wrapper.framework; name = StoreKit.framework; path = System/Library/Frameworks/StoreKit.framework; sourceTree = SDKROOT; };
		94033A12196205D200FD9516 /* NormalStrategic.h */ = {isa = PBXFileReference; fileEncoding = 4; lastKnownFileType = sourcecode.c.h; path = NormalStrategic.h; sourceTree = "<group>"; };
		94033A13196205D200FD9516 /* NormalStrategic.m */ = {isa = PBXFileReference; fileEncoding = 4; lastKnownFileType = sourcecode.c.objc; path = NormalStrategic.m; sourceTree = "<group>"; };
		9422FD2419FDD5CF001FD0F6 /* boken.sks */ = {isa = PBXFileReference; lastKnownFileType = file.sks; name = boken.sks; path = "Bounce Ball/boken.sks"; sourceTree = SOURCE_ROOT; };
		9422FD2519FDD5CF001FD0F6 /* bokeh.png */ = {isa = PBXFileReference; lastKnownFileType = image.png; name = bokeh.png; path = "Bounce Ball/bokeh.png"; sourceTree = SOURCE_ROOT; };
		945D89DF19FC7A3500218159 /* spark.png */ = {isa = PBXFileReference; lastKnownFileType = image.png; name = spark.png; path = ../spark.png; sourceTree = "<group>"; };
		945D89E219FC7F9B00218159 /* explode.sks */ = {isa = PBXFileReference; lastKnownFileType = file.sks; name = explode.sks; path = "Bounce Ball/explode.sks"; sourceTree = SOURCE_ROOT; };
		946E19B71A2411780069C44B /* angel.png */ = {isa = PBXFileReference; lastKnownFileType = image.png; path = angel.png; sourceTree = "<group>"; };
		946E19B81A2411780069C44B /* continue.png */ = {isa = PBXFileReference; lastKnownFileType = image.png; path = continue.png; sourceTree = "<group>"; };
		946E19B91A2411780069C44B /* gem.png */ = {isa = PBXFileReference; lastKnownFileType = image.png; path = gem.png; sourceTree = "<group>"; };
		946E19BA1A2411780069C44B /* night_angel.png */ = {isa = PBXFileReference; lastKnownFileType = image.png; path = night_angel.png; sourceTree = "<group>"; };
		946E19BB1A2411780069C44B /* night_continue.png */ = {isa = PBXFileReference; lastKnownFileType = image.png; path = night_continue.png; sourceTree = "<group>"; };
		946E19BC1A2411780069C44B /* night_revive.png */ = {isa = PBXFileReference; lastKnownFileType = image.png; path = night_revive.png; sourceTree = "<group>"; };
		946E19BD1A2411780069C44B /* revive.png */ = {isa = PBXFileReference; lastKnownFileType = image.png; path = revive.png; sourceTree = "<group>"; };
		946E19BF1A2411780069C44B /* dinbek-black.ttf */ = {isa = PBXFileReference; lastKnownFileType = file; name = "dinbek-black.ttf"; path = "../Store/dinbek-black.ttf"; sourceTree = "<group>"; };
		946E19C11A2411780069C44B /* night_store_1250.png */ = {isa = PBXFileReference; lastKnownFileType = image.png; path = night_store_1250.png; sourceTree = "<group>"; };
		946E19C21A2411780069C44B /* night_store_15.png */ = {isa = PBXFileReference; lastKnownFileType = image.png; path = night_store_15.png; sourceTree = "<group>"; };
		946E19C31A2411780069C44B /* night_store_190.png */ = {isa = PBXFileReference; lastKnownFileType = image.png; path = night_store_190.png; sourceTree = "<group>"; };
		946E19C41A2411780069C44B /* night_store_2750.png */ = {isa = PBXFileReference; lastKnownFileType = image.png; path = night_store_2750.png; sourceTree = "<group>"; };
		946E19C51A2411780069C44B /* night_store_285.png */ = {isa = PBXFileReference; lastKnownFileType = image.png; path = night_store_285.png; sourceTree = "<group>"; };
		946E19C61A2411780069C44B /* night_store_35.png */ = {isa = PBXFileReference; lastKnownFileType = image.png; path = night_store_35.png; sourceTree = "<group>"; };
		946E19C71A2411780069C44B /* night_store_400.png */ = {isa = PBXFileReference; lastKnownFileType = image.png; path = night_store_400.png; sourceTree = "<group>"; };
		946E19C81A2411780069C44B /* night_store_500.png */ = {isa = PBXFileReference; lastKnownFileType = image.png; path = night_store_500.png; sourceTree = "<group>"; };
		946E19C91A2411780069C44B /* night_store_75.png */ = {isa = PBXFileReference; lastKnownFileType = image.png; path = night_store_75.png; sourceTree = "<group>"; };
		946E19CA1A2411780069C44B /* night_store_exit.png */ = {isa = PBXFileReference; lastKnownFileType = image.png; path = night_store_exit.png; sourceTree = "<group>"; };
		946E19CB1A2411780069C44B /* night_store_icon.png */ = {isa = PBXFileReference; lastKnownFileType = image.png; path = night_store_icon.png; sourceTree = "<group>"; };
		946E19CC1A2411780069C44B /* store_1250.png */ = {isa = PBXFileReference; lastKnownFileType = image.png; path = store_1250.png; sourceTree = "<group>"; };
		946E19CD1A2411780069C44B /* store_15.png */ = {isa = PBXFileReference; lastKnownFileType = image.png; path = store_15.png; sourceTree = "<group>"; };
		946E19CE1A2411780069C44B /* store_190.png */ = {isa = PBXFileReference; lastKnownFileType = image.png; path = store_190.png; sourceTree = "<group>"; };
		946E19CF1A2411780069C44B /* store_2750.png */ = {isa = PBXFileReference; lastKnownFileType = image.png; path = store_2750.png; sourceTree = "<group>"; };
		946E19D01A2411780069C44B /* store_285.png */ = {isa = PBXFileReference; lastKnownFileType = image.png; path = store_285.png; sourceTree = "<group>"; };
		946E19D11A2411780069C44B /* store_35.png */ = {isa = PBXFileReference; lastKnownFileType = image.png; path = store_35.png; sourceTree = "<group>"; };
		946E19D21A2411780069C44B /* store_400.png */ = {isa = PBXFileReference; lastKnownFileType = image.png; path = store_400.png; sourceTree = "<group>"; };
		946E19D31A2411780069C44B /* store_500.png */ = {isa = PBXFileReference; lastKnownFileType = image.png; path = store_500.png; sourceTree = "<group>"; };
		946E19D41A2411780069C44B /* store_75.png */ = {isa = PBXFileReference; lastKnownFileType = image.png; path = store_75.png; sourceTree = "<group>"; };
		946E19D51A2411780069C44B /* store_exit.png */ = {isa = PBXFileReference; lastKnownFileType = image.png; path = store_exit.png; sourceTree = "<group>"; };
		946E19D61A2411780069C44B /* store_icon.png */ = {isa = PBXFileReference; lastKnownFileType = image.png; path = store_icon.png; sourceTree = "<group>"; };
		946E19FA1A2418290069C44B /* Store.h */ = {isa = PBXFileReference; fileEncoding = 4; lastKnownFileType = sourcecode.c.h; name = Store.h; path = ../Store.h; sourceTree = "<group>"; };
		946E19FB1A2418290069C44B /* Store.m */ = {isa = PBXFileReference; fileEncoding = 4; lastKnownFileType = sourcecode.c.objc; name = Store.m; path = ../Store.m; sourceTree = "<group>"; };
		94792A901958EBCF004A6404 /* Splashscreen.h */ = {isa = PBXFileReference; fileEncoding = 4; lastKnownFileType = sourcecode.c.h; path = Splashscreen.h; sourceTree = "<group>"; };
		94792A911958EBCF004A6404 /* Splashscreen.m */ = {isa = PBXFileReference; fileEncoding = 4; lastKnownFileType = sourcecode.c.objc; path = Splashscreen.m; sourceTree = "<group>"; };
		94792ACA1958FA17004A6404 /* QuartzCore.framework */ = {isa = PBXFileReference; lastKnownFileType = wrapper.framework; name = QuartzCore.framework; path = System/Library/Frameworks/QuartzCore.framework; sourceTree = SDKROOT; };
		94792ACC195B6FEA004A6404 /* iPad2iPadmini.png */ = {isa = PBXFileReference; lastKnownFileType = image.png; name = iPad2iPadmini.png; path = ../iPad2iPadmini.png; sourceTree = "<group>"; };
		94792ACD195B6FEA004A6404 /* iPadiPadmini.png */ = {isa = PBXFileReference; lastKnownFileType = image.png; name = iPadiPadmini.png; path = ../iPadiPadmini.png; sourceTree = "<group>"; };
		94792ACE195B6FEA004A6404 /* iPodiPhone4.png */ = {isa = PBXFileReference; lastKnownFileType = image.png; name = iPodiPhone4.png; path = ../iPodiPhone4.png; sourceTree = "<group>"; };
		94792ACF195B6FEA004A6404 /* iPodiPhone5.png */ = {isa = PBXFileReference; lastKnownFileType = image.png; name = iPodiPhone5.png; path = ../iPodiPhone5.png; sourceTree = "<group>"; };
		94792ADB195BAA16004A6404 /* GameKit.framework */ = {isa = PBXFileReference; lastKnownFileType = wrapper.framework; name = GameKit.framework; path = System/Library/Frameworks/GameKit.framework; sourceTree = SDKROOT; };
		94792ADD195CDE23004A6404 /* AudioToolbox.framework */ = {isa = PBXFileReference; lastKnownFileType = wrapper.framework; name = AudioToolbox.framework; path = System/Library/Frameworks/AudioToolbox.framework; sourceTree = SDKROOT; };
		947A9F5319589907006AE1C9 /* Menu.h */ = {isa = PBXFileReference; fileEncoding = 4; lastKnownFileType = sourcecode.c.h; path = Menu.h; sourceTree = "<group>"; };
		947A9F5419589907006AE1C9 /* Menu.m */ = {isa = PBXFileReference; fileEncoding = 4; lastKnownFileType = sourcecode.c.objc; path = Menu.m; sourceTree = "<group>"; };
		948213BB1A0FF53100B0FAAB /* AppIcon29x29.png */ = {isa = PBXFileReference; lastKnownFileType = image.png; path = AppIcon29x29.png; sourceTree = "<group>"; };
		948213BC1A0FF53100B0FAAB /* AppIcon29x29@2x.png */ = {isa = PBXFileReference; lastKnownFileType = image.png; path = "AppIcon29x29@2x.png"; sourceTree = "<group>"; };
		948213BD1A0FF53100B0FAAB /* AppIcon40x40.png */ = {isa = PBXFileReference; lastKnownFileType = image.png; path = AppIcon40x40.png; sourceTree = "<group>"; };
		948213BE1A0FF53100B0FAAB /* AppIcon40x40@2x.png */ = {isa = PBXFileReference; lastKnownFileType = image.png; path = "AppIcon40x40@2x.png"; sourceTree = "<group>"; };
		948213BF1A0FF53100B0FAAB /* AppIcon50x50.png */ = {isa = PBXFileReference; lastKnownFileType = image.png; path = AppIcon50x50.png; sourceTree = "<group>"; };
		948213C01A0FF53100B0FAAB /* AppIcon50x50@2x.png */ = {isa = PBXFileReference; lastKnownFileType = image.png; path = "AppIcon50x50@2x.png"; sourceTree = "<group>"; };
		948213C11A0FF53100B0FAAB /* AppIcon57x57.png */ = {isa = PBXFileReference; lastKnownFileType = image.png; path = AppIcon57x57.png; sourceTree = "<group>"; };
		948213C21A0FF53100B0FAAB /* AppIcon57x57@2x.png */ = {isa = PBXFileReference; lastKnownFileType = image.png; path = "AppIcon57x57@2x.png"; sourceTree = "<group>"; };
		948213C31A0FF53100B0FAAB /* AppIcon60x60.png */ = {isa = PBXFileReference; lastKnownFileType = image.png; path = AppIcon60x60.png; sourceTree = "<group>"; };
		948213C41A0FF53100B0FAAB /* AppIcon60x60@2x.png */ = {isa = PBXFileReference; lastKnownFileType = image.png; path = "AppIcon60x60@2x.png"; sourceTree = "<group>"; };
		948213C51A0FF53100B0FAAB /* AppIcon72x72.png */ = {isa = PBXFileReference; lastKnownFileType = image.png; path = AppIcon72x72.png; sourceTree = "<group>"; };
		948213C61A0FF53100B0FAAB /* AppIcon72x72@2x.png */ = {isa = PBXFileReference; lastKnownFileType = image.png; path = "AppIcon72x72@2x.png"; sourceTree = "<group>"; };
		948213C71A0FF53100B0FAAB /* AppIcon76x76.png */ = {isa = PBXFileReference; lastKnownFileType = image.png; path = AppIcon76x76.png; sourceTree = "<group>"; };
		948213C81A0FF53100B0FAAB /* AppIcon76x76@2x.png */ = {isa = PBXFileReference; lastKnownFileType = image.png; path = "AppIcon76x76@2x.png"; sourceTree = "<group>"; };
		948213C91A0FF53100B0FAAB /* iTunesArtwork.png */ = {isa = PBXFileReference; lastKnownFileType = image.png; path = iTunesArtwork.png; sourceTree = "<group>"; };
		948213CA1A0FF53100B0FAAB /* iTunesArtwork@2x.png */ = {isa = PBXFileReference; lastKnownFileType = image.png; path = "iTunesArtwork@2x.png"; sourceTree = "<group>"; };
		948213DB1A0FF53A00B0FAAB /* appicon.png */ = {isa = PBXFileReference; lastKnownFileType = image.png; path = appicon.png; sourceTree = "<group>"; };
		948213DE1A0FF54500B0FAAB /* bounce_sound.mp3 */ = {isa = PBXFileReference; lastKnownFileType = audio.mp3; path = bounce_sound.mp3; sourceTree = "<group>"; };
		948213DF1A0FF54500B0FAAB /* toggle_sound.mp3 */ = {isa = PBXFileReference; lastKnownFileType = audio.mp3; path = toggle_sound.mp3; sourceTree = "<group>"; };
		948213E31A0FF55E00B0FAAB /* night_background.png */ = {isa = PBXFileReference; lastKnownFileType = image.png; path = night_background.png; sourceTree = "<group>"; };
		948213E41A0FF55E00B0FAAB /* night_ball.png */ = {isa = PBXFileReference; lastKnownFileType = image.png; path = night_ball.png; sourceTree = "<group>"; };
		948213E51A0FF55E00B0FAAB /* night_credits.png */ = {isa = PBXFileReference; lastKnownFileType = image.png; path = night_credits.png; sourceTree = "<group>"; };
		948213E61A0FF55E00B0FAAB /* night_exit.png */ = {isa = PBXFileReference; lastKnownFileType = image.png; path = night_exit.png; sourceTree = "<group>"; };
		948213E71A0FF55E00B0FAAB /* night_feedback.png */ = {isa = PBXFileReference; lastKnownFileType = image.png; path = night_feedback.png; sourceTree = "<group>"; };
		948213E81A0FF55E00B0FAAB /* night_gamecenter.png */ = {isa = PBXFileReference; lastKnownFileType = image.png; path = night_gamecenter.png; sourceTree = "<group>"; };
		948213E91A0FF55E00B0FAAB /* night_light.png */ = {isa = PBXFileReference; lastKnownFileType = image.png; path = night_light.png; sourceTree = "<group>"; };
		948213EA1A0FF55E00B0FAAB /* night_particle.png */ = {isa = PBXFileReference; lastKnownFileType = image.png; path = night_particle.png; sourceTree = "<group>"; };
		948213EB1A0FF55E00B0FAAB /* night_pause_button.png */ = {isa = PBXFileReference; lastKnownFileType = image.png; path = night_pause_button.png; sourceTree = "<group>"; };
		948213EC1A0FF55E00B0FAAB /* night_play.png */ = {isa = PBXFileReference; lastKnownFileType = image.png; path = night_play.png; sourceTree = "<group>"; };
		948213ED1A0FF55E00B0FAAB /* night_proceed.png */ = {isa = PBXFileReference; lastKnownFileType = image.png; path = night_proceed.png; sourceTree = "<group>"; };
		948213EE1A0FF55E00B0FAAB /* night_quote1.png */ = {isa = PBXFileReference; lastKnownFileType = image.png; path = night_quote1.png; sourceTree = "<group>"; };
		948213EF1A0FF55E00B0FAAB /* night_quote2.png */ = {isa = PBXFileReference; lastKnownFileType = image.png; path = night_quote2.png; sourceTree = "<group>"; };
		948213F01A0FF55E00B0FAAB /* night_rate.png */ = {isa = PBXFileReference; lastKnownFileType = image.png; path = night_rate.png; sourceTree = "<group>"; };
		948213F11A0FF55E00B0FAAB /* night_rybel.png */ = {isa = PBXFileReference; lastKnownFileType = image.png; path = night_rybel.png; sourceTree = "<group>"; };
		948213F21A0FF55E00B0FAAB /* night_sound_off.png */ = {isa = PBXFileReference; lastKnownFileType = image.png; path = night_sound_off.png; sourceTree = "<group>"; };
		948213F31A0FF55E00B0FAAB /* night_sound_on.png */ = {isa = PBXFileReference; lastKnownFileType = image.png; path = night_sound_on.png; sourceTree = "<group>"; };
		948213F51A0FF55E00B0FAAB /* night_timed.png */ = {isa = PBXFileReference; lastKnownFileType = image.png; path = night_timed.png; sourceTree = "<group>"; };
		948213F61A0FF55E00B0FAAB /* night_title.png */ = {isa = PBXFileReference; lastKnownFileType = image.png; path = night_title.png; sourceTree = "<group>"; };
		9482140C1A0FF57400B0FAAB /* black_overlay.png */ = {isa = PBXFileReference; lastKnownFileType = image.png; path = black_overlay.png; sourceTree = "<group>"; };
		9482140D1A0FF57400B0FAAB /* clockscore.png */ = {isa = PBXFileReference; lastKnownFileType = image.png; path = clockscore.png; sourceTree = "<group>"; };
		9482140E1A0FF57400B0FAAB /* goalscore.png */ = {isa = PBXFileReference; lastKnownFileType = image.png; path = goalscore.png; sourceTree = "<group>"; };
		9482140F1A0FF57400B0FAAB /* post_exit.png */ = {isa = PBXFileReference; lastKnownFileType = image.png; path = post_exit.png; sourceTree = "<group>"; };
		948214101A0FF57400B0FAAB /* post_gamecenter.png */ = {isa = PBXFileReference; lastKnownFileType = image.png; path = post_gamecenter.png; sourceTree = "<group>"; };
		948214111A0FF57400B0FAAB /* post_rate.png */ = {isa = PBXFileReference; lastKnownFileType = image.png; path = post_rate.png; sourceTree = "<group>"; };
		948214121A0FF57400B0FAAB /* post_replay.png */ = {isa = PBXFileReference; lastKnownFileType = image.png; path = post_replay.png; sourceTree = "<group>"; };
		948214131A0FF57400B0FAAB /* post_share.png */ = {isa = PBXFileReference; lastKnownFileType = image.png; path = post_share.png; sourceTree = "<group>"; };
		9482141D1A0FF58C00B0FAAB /* black_overlay.png */ = {isa = PBXFileReference; lastKnownFileType = image.png; path = black_overlay.png; sourceTree = "<group>"; };
		9482141E1A0FF58C00B0FAAB /* pause_exit.png */ = {isa = PBXFileReference; lastKnownFileType = image.png; path = pause_exit.png; sourceTree = "<group>"; };
		9482141F1A0FF58C00B0FAAB /* pause_icon.png */ = {isa = PBXFileReference; lastKnownFileType = image.png; path = pause_icon.png; sourceTree = "<group>"; };
		948214201A0FF58C00B0FAAB /* pause_restart.png */ = {isa = PBXFileReference; lastKnownFileType = image.png; path = pause_restart.png; sourceTree = "<group>"; };
		948214211A0FF58C00B0FAAB /* pause_resume.png */ = {isa = PBXFileReference; lastKnownFileType = image.png; path = pause_resume.png; sourceTree = "<group>"; };
		948214281A0FF59300B0FAAB /* background.png */ = {isa = PBXFileReference; lastKnownFileType = image.png; path = background.png; sourceTree = "<group>"; };
		948214291A0FF59300B0FAAB /* ball.png */ = {isa = PBXFileReference; lastKnownFileType = image.png; path = ball.png; sourceTree = "<group>"; };
		9482142A1A0FF59300B0FAAB /* credits.png */ = {isa = PBXFileReference; lastKnownFileType = image.png; path = credits.png; sourceTree = "<group>"; };
		9482142B1A0FF59300B0FAAB /* exit.png */ = {isa = PBXFileReference; lastKnownFileType = image.png; path = exit.png; sourceTree = "<group>"; };
		9482142C1A0FF59300B0FAAB /* feedback.png */ = {isa = PBXFileReference; lastKnownFileType = image.png; path = feedback.png; sourceTree = "<group>"; };
		9482142D1A0FF59300B0FAAB /* gamecenter.png */ = {isa = PBXFileReference; lastKnownFileType = image.png; path = gamecenter.png; sourceTree = "<group>"; };
		9482142E1A0FF59300B0FAAB /* light.png */ = {isa = PBXFileReference; lastKnownFileType = image.png; path = light.png; sourceTree = "<group>"; };
		9482142F1A0FF59300B0FAAB /* particle.png */ = {isa = PBXFileReference; lastKnownFileType = image.png; path = particle.png; sourceTree = "<group>"; };
		948214301A0FF59300B0FAAB /* pause_button.png */ = {isa = PBXFileReference; lastKnownFileType = image.png; path = pause_button.png; sourceTree = "<group>"; };
		948214311A0FF59300B0FAAB /* play.png */ = {isa = PBXFileReference; lastKnownFileType = image.png; path = play.png; sourceTree = "<group>"; };
		948214321A0FF59300B0FAAB /* proceed.png */ = {isa = PBXFileReference; lastKnownFileType = image.png; path = proceed.png; sourceTree = "<group>"; };
		948214331A0FF59300B0FAAB /* quote1.png */ = {isa = PBXFileReference; lastKnownFileType = image.png; path = quote1.png; sourceTree = "<group>"; };
		948214341A0FF59300B0FAAB /* quote2.png */ = {isa = PBXFileReference; lastKnownFileType = image.png; path = quote2.png; sourceTree = "<group>"; };
		948214351A0FF59300B0FAAB /* rate.png */ = {isa = PBXFileReference; lastKnownFileType = image.png; path = rate.png; sourceTree = "<group>"; };
		948214361A0FF59300B0FAAB /* rybel.png */ = {isa = PBXFileReference; lastKnownFileType = image.png; path = rybel.png; sourceTree = "<group>"; };
		948214371A0FF59300B0FAAB /* sound_off.png */ = {isa = PBXFileReference; lastKnownFileType = image.png; path = sound_off.png; sourceTree = "<group>"; };
		948214381A0FF59300B0FAAB /* sound_on.png */ = {isa = PBXFileReference; lastKnownFileType = image.png; path = sound_on.png; sourceTree = "<group>"; };
		9482143A1A0FF59300B0FAAB /* timed.png */ = {isa = PBXFileReference; lastKnownFileType = image.png; path = timed.png; sourceTree = "<group>"; };
		9482143B1A0FF59300B0FAAB /* title.png */ = {isa = PBXFileReference; lastKnownFileType = image.png; path = title.png; sourceTree = "<group>"; };
		948214521A0FF59F00B0FAAB /* DS3.ttf */ = {isa = PBXFileReference; lastKnownFileType = file; path = DS3.ttf; sourceTree = "<group>"; };
		948214531A0FF59F00B0FAAB /* DS4.ttf */ = {isa = PBXFileReference; lastKnownFileType = file; path = DS4.ttf; sourceTree = "<group>"; };
		948214541A0FF5AA00B0FAAB /* Base */ = {isa = PBXFileReference; lastKnownFileType = file; name = Base; path = Base.lproj/DS1.ttf; sourceTree = "<group>"; };
		94911A4D1A19173200B0FCAD /* night_strategy.png */ = {isa = PBXFileReference; lastKnownFileType = image.png; name = night_strategy.png; path = ../../night_strategy.png; sourceTree = "<group>"; };
		94932F4519E1ADB800B533AA /* Settings.bundle */ = {isa = PBXFileReference; lastKnownFileType = "wrapper.plug-in"; name = Settings.bundle; path = "Bounce Ball/Settings.bundle"; sourceTree = SOURCE_ROOT; };
		94932F4719E4B20500B533AA /* AVFoundation.framework */ = {isa = PBXFileReference; lastKnownFileType = wrapper.framework; name = AVFoundation.framework; path = System/Library/Frameworks/AVFoundation.framework; sourceTree = SDKROOT; };
		9497932C1A17CD3000876461 /* goal.png */ = {isa = PBXFileReference; lastKnownFileType = image.png; name = goal.png; path = ../../goal.png; sourceTree = "<group>"; };
		9497932D1A17CD3000876461 /* strategy.png */ = {isa = PBXFileReference; lastKnownFileType = image.png; name = strategy.png; path = ../../strategy.png; sourceTree = "<group>"; };
		949793301A17CDB200876461 /* night_goal.png */ = {isa = PBXFileReference; lastKnownFileType = image.png; name = night_goal.png; path = "../../../Bounce Ball/Mode_Selection/Night_Mode/night_goal.png"; sourceTree = "<group>"; };
		949793321A17D47300876461 /* end_noise.mp3 */ = {isa = PBXFileReference; lastKnownFileType = audio.mp3; path = end_noise.mp3; sourceTree = "<group>"; };
		949793331A17D47300876461 /* goal_contact.mp3 */ = {isa = PBXFileReference; lastKnownFileType = audio.mp3; path = goal_contact.mp3; sourceTree = "<group>"; };
		94C7FEA5194E3CDF00270AE8 /* Bounce ball.app */ = {isa = PBXFileReference; explicitFileType = wrapper.application; includeInIndex = 0; path = "Bounce ball.app"; sourceTree = BUILT_PRODUCTS_DIR; };
		94C7FEA9194E3CDF00270AE8 /* Info.plist */ = {isa = PBXFileReference; lastKnownFileType = text.plist.xml; path = Info.plist; sourceTree = "<group>"; };
		94C7FEAA194E3CDF00270AE8 /* main.m */ = {isa = PBXFileReference; lastKnownFileType = sourcecode.c.objc; path = main.m; sourceTree = "<group>"; };
		94C7FEAC194E3CDF00270AE8 /* AppDelegate.h */ = {isa = PBXFileReference; lastKnownFileType = sourcecode.c.h; path = AppDelegate.h; sourceTree = "<group>"; };
		94C7FEAD194E3CDF00270AE8 /* AppDelegate.m */ = {isa = PBXFileReference; lastKnownFileType = sourcecode.c.objc; path = AppDelegate.m; sourceTree = "<group>"; };
		94C7FEB0194E3CDF00270AE8 /* Bounce_ball.xcdatamodel */ = {isa = PBXFileReference; lastKnownFileType = wrapper.xcdatamodel; path = Bounce_ball.xcdatamodel; sourceTree = "<group>"; };
		94C7FEB2194E3CDF00270AE8 /* ViewController.h */ = {isa = PBXFileReference; lastKnownFileType = sourcecode.c.h; path = ViewController.h; sourceTree = "<group>"; };
		94C7FEB3194E3CDF00270AE8 /* ViewController.m */ = {isa = PBXFileReference; lastKnownFileType = sourcecode.c.objc; path = ViewController.m; sourceTree = "<group>"; };
		94C7FEB6194E3CDF00270AE8 /* Base */ = {isa = PBXFileReference; lastKnownFileType = file.storyboard; name = Base; path = Base.lproj/Main.storyboard; sourceTree = "<group>"; };
		94C7FEBE194E3CDF00270AE8 /* Bounce ballTests.xctest */ = {isa = PBXFileReference; explicitFileType = wrapper.cfbundle; includeInIndex = 0; path = "Bounce ballTests.xctest"; sourceTree = BUILT_PRODUCTS_DIR; };
		94C7FEC3194E3CDF00270AE8 /* Info.plist */ = {isa = PBXFileReference; lastKnownFileType = text.plist.xml; path = Info.plist; sourceTree = "<group>"; };
		94C7FEC4194E3CDF00270AE8 /* Bounce_ballTests.m */ = {isa = PBXFileReference; lastKnownFileType = sourcecode.c.objc; path = Bounce_ballTests.m; sourceTree = "<group>"; };
		94C7FECE194E3DE600270AE8 /* SpriteKit.framework */ = {isa = PBXFileReference; lastKnownFileType = wrapper.framework; name = SpriteKit.framework; path = System/Library/Frameworks/SpriteKit.framework; sourceTree = SDKROOT; };
		94C9B6B61979AC9F00AE4BF2 /* nightquote1.png */ = {isa = PBXFileReference; lastKnownFileType = image.png; path = nightquote1.png; sourceTree = "<group>"; };
		94C9B6B71979AC9F00AE4BF2 /* nightquote2.png */ = {isa = PBXFileReference; lastKnownFileType = image.png; path = nightquote2.png; sourceTree = "<group>"; };
		94C9B6B81979AC9F00AE4BF2 /* normalquote1.png */ = {isa = PBXFileReference; lastKnownFileType = image.png; path = normalquote1.png; sourceTree = "<group>"; };
		94C9B6B91979AC9F00AE4BF2 /* normalquote2.png */ = {isa = PBXFileReference; lastKnownFileType = image.png; path = normalquote2.png; sourceTree = "<group>"; };
		94D31A46197236FE006E21C2 /* Normal.h */ = {isa = PBXFileReference; fileEncoding = 4; lastKnownFileType = sourcecode.c.h; path = Normal.h; sourceTree = "<group>"; };
		94D31A47197236FE006E21C2 /* Normal.m */ = {isa = PBXFileReference; fileEncoding = 4; lastKnownFileType = sourcecode.c.objc; path = Normal.m; sourceTree = "<group>"; };
		94D31A4F1972483E006E21C2 /* strategyproceed.png */ = {isa = PBXFileReference; lastKnownFileType = image.png; name = strategyproceed.png; path = ../strategyproceed.png; sourceTree = "<group>"; };
		94D31A561972C392006E21C2 /* iAd.framework */ = {isa = PBXFileReference; lastKnownFileType = wrapper.framework; name = iAd.framework; path = System/Library/Frameworks/iAd.framework; sourceTree = SDKROOT; };
		94E19B92196C8F4600893DEE /* Media.xcassets */ = {isa = PBXFileReference; lastKnownFileType = folder.assetcatalog; name = Media.xcassets; path = ../Media.xcassets; sourceTree = "<group>"; };
		94E19B94196C93C600893DEE /* Credits.h */ = {isa = PBXFileReference; fileEncoding = 4; lastKnownFileType = sourcecode.c.h; path = Credits.h; sourceTree = "<group>"; };
		94E19B95196C93C600893DEE /* Credits.m */ = {isa = PBXFileReference; fileEncoding = 4; lastKnownFileType = sourcecode.c.objc; path = Credits.m; sourceTree = "<group>"; };
		94E19B97196C955200893DEE /* Prototype.ttf */ = {isa = PBXFileReference; lastKnownFileType = file; path = Prototype.ttf; sourceTree = "<group>"; };
		94F843DC196E4EF100461256 /* MessageUI.framework */ = {isa = PBXFileReference; lastKnownFileType = wrapper.framework; name = MessageUI.framework; path = System/Library/Frameworks/MessageUI.framework; sourceTree = SDKROOT; };
/* End PBXFileReference section */

/* Begin PBXFrameworksBuildPhase section */
		94C7FEA2194E3CDF00270AE8 /* Frameworks */ = {
			isa = PBXFrameworksBuildPhase;
			buildActionMask = 2147483647;
			files = (
				94932F4919E4B54B00B533AA /* AudioToolbox.framework in Frameworks */,
				94D31A571972C392006E21C2 /* iAd.framework in Frameworks */,
				94F843DD196E4EF100461256 /* MessageUI.framework in Frameworks */,
				940339E1195F78B300FD9516 /* StoreKit.framework in Frameworks */,
				94792ADC195BAA16004A6404 /* GameKit.framework in Frameworks */,
				94792ACB1958FA17004A6404 /* QuartzCore.framework in Frameworks */,
				94C7FECF194E3DE600270AE8 /* SpriteKit.framework in Frameworks */,
			);
			runOnlyForDeploymentPostprocessing = 0;
		};
		94C7FEBB194E3CDF00270AE8 /* Frameworks */ = {
			isa = PBXFrameworksBuildPhase;
			buildActionMask = 2147483647;
			files = (
			);
			runOnlyForDeploymentPostprocessing = 0;
		};
/* End PBXFrameworksBuildPhase section */

/* Begin PBXGroup section */
		940339DF195F789900FD9516 /* Gameplay Scenes */ = {
			isa = PBXGroup;
			children = (
				945D89E219FC7F9B00218159 /* explode.sks */,
				9422FD2419FDD5CF001FD0F6 /* boken.sks */,
				9422FD2519FDD5CF001FD0F6 /* bokeh.png */,
				945D89DF19FC7A3500218159 /* spark.png */,
				94033A11196205B700FD9516 /* Normal Gameplay Scenes */,
				94033A10196205A500FD9516 /* Strategic Gameplay */,
			);
			name = "Gameplay Scenes";
			sourceTree = "<group>";
		};
		94033A10196205A500FD9516 /* Strategic Gameplay */ = {
			isa = PBXGroup;
			children = (
				94033A12196205D200FD9516 /* NormalStrategic.h */,
				94033A13196205D200FD9516 /* NormalStrategic.m */,
			);
			name = "Strategic Gameplay";
			sourceTree = "<group>";
		};
		94033A11196205B700FD9516 /* Normal Gameplay Scenes */ = {
			isa = PBXGroup;
			children = (
				94D31A46197236FE006E21C2 /* Normal.h */,
				94D31A47197236FE006E21C2 /* Normal.m */,
			);
			name = "Normal Gameplay Scenes";
			sourceTree = "<group>";
		};
		946E19B61A2411780069C44B /* Revive */ = {
			isa = PBXGroup;
			children = (
				946E19B71A2411780069C44B /* angel.png */,
				946E19B81A2411780069C44B /* continue.png */,
				946E19B91A2411780069C44B /* gem.png */,
				946E19BA1A2411780069C44B /* night_angel.png */,
				946E19BB1A2411780069C44B /* night_continue.png */,
				946E19BC1A2411780069C44B /* night_revive.png */,
				946E19BD1A2411780069C44B /* revive.png */,
			);
			name = Revive;
			path = ../../Revive;
			sourceTree = "<group>";
		};
		946E19BE1A2411780069C44B /* Store */ = {
			isa = PBXGroup;
			children = (
				946E19C11A2411780069C44B /* night_store_1250.png */,
				946E19C21A2411780069C44B /* night_store_15.png */,
				946E19C31A2411780069C44B /* night_store_190.png */,
				946E19C41A2411780069C44B /* night_store_2750.png */,
				946E19C51A2411780069C44B /* night_store_285.png */,
				946E19C61A2411780069C44B /* night_store_35.png */,
				946E19C71A2411780069C44B /* night_store_400.png */,
				946E19C81A2411780069C44B /* night_store_500.png */,
				946E19C91A2411780069C44B /* night_store_75.png */,
				946E19CA1A2411780069C44B /* night_store_exit.png */,
				946E19CB1A2411780069C44B /* night_store_icon.png */,
				946E19CC1A2411780069C44B /* store_1250.png */,
				946E19CD1A2411780069C44B /* store_15.png */,
				946E19CE1A2411780069C44B /* store_190.png */,
				946E19CF1A2411780069C44B /* store_2750.png */,
				946E19D01A2411780069C44B /* store_285.png */,
				946E19D11A2411780069C44B /* store_35.png */,
				946E19D21A2411780069C44B /* store_400.png */,
				946E19D31A2411780069C44B /* store_500.png */,
				946E19D41A2411780069C44B /* store_75.png */,
				946E19D51A2411780069C44B /* store_exit.png */,
				946E19D61A2411780069C44B /* store_icon.png */,
			);
			name = Store;
			path = ../../Store;
			sourceTree = "<group>";
		};
		94792A961958EC02004A6404 /* UI Images */ = {
			isa = PBXGroup;
			children = (
				946E19B61A2411780069C44B /* Revive */,
				946E19BE1A2411780069C44B /* Store */,
				948214271A0FF59300B0FAAB /* Normal_Mode */,
				9482141C1A0FF58C00B0FAAB /* Pause_Menu */,
				9482140B1A0FF57400B0FAAB /* Post_Game */,
				948213E21A0FF55E00B0FAAB /* Night_Mode */,
			);
			name = "UI Images";
			path = Mode_Selection;
			sourceTree = "<group>";
		};
		948213BA1A0FF53100B0FAAB /* App Icon [Squared] */ = {
			isa = PBXGroup;
			children = (
				948213DB1A0FF53A00B0FAAB /* appicon.png */,
				948213BB1A0FF53100B0FAAB /* AppIcon29x29.png */,
				948213BC1A0FF53100B0FAAB /* AppIcon29x29@2x.png */,
				948213BD1A0FF53100B0FAAB /* AppIcon40x40.png */,
				948213BE1A0FF53100B0FAAB /* AppIcon40x40@2x.png */,
				948213BF1A0FF53100B0FAAB /* AppIcon50x50.png */,
				948213C01A0FF53100B0FAAB /* AppIcon50x50@2x.png */,
				948213C11A0FF53100B0FAAB /* AppIcon57x57.png */,
				948213C21A0FF53100B0FAAB /* AppIcon57x57@2x.png */,
				948213C31A0FF53100B0FAAB /* AppIcon60x60.png */,
				948213C41A0FF53100B0FAAB /* AppIcon60x60@2x.png */,
				948213C51A0FF53100B0FAAB /* AppIcon72x72.png */,
				948213C61A0FF53100B0FAAB /* AppIcon72x72@2x.png */,
				948213C71A0FF53100B0FAAB /* AppIcon76x76.png */,
				948213C81A0FF53100B0FAAB /* AppIcon76x76@2x.png */,
				948213C91A0FF53100B0FAAB /* iTunesArtwork.png */,
				948213CA1A0FF53100B0FAAB /* iTunesArtwork@2x.png */,
			);
			path = "App Icon [Squared]";
			sourceTree = "<group>";
		};
		948213DD1A0FF54500B0FAAB /* Sounds */ = {
			isa = PBXGroup;
			children = (
				949793321A17D47300876461 /* end_noise.mp3 */,
				949793331A17D47300876461 /* goal_contact.mp3 */,
				948213DE1A0FF54500B0FAAB /* bounce_sound.mp3 */,
				948213DF1A0FF54500B0FAAB /* toggle_sound.mp3 */,
			);
			path = Sounds;
			sourceTree = "<group>";
		};
		948213E21A0FF55E00B0FAAB /* Night_Mode */ = {
			isa = PBXGroup;
			children = (
				948213E31A0FF55E00B0FAAB /* night_background.png */,
				94911A4D1A19173200B0FCAD /* night_strategy.png */,
				949793301A17CDB200876461 /* night_goal.png */,
				948213E41A0FF55E00B0FAAB /* night_ball.png */,
				948213E51A0FF55E00B0FAAB /* night_credits.png */,
				948213E61A0FF55E00B0FAAB /* night_exit.png */,
				948213E71A0FF55E00B0FAAB /* night_feedback.png */,
				948213E81A0FF55E00B0FAAB /* night_gamecenter.png */,
				948213E91A0FF55E00B0FAAB /* night_light.png */,
				948213EA1A0FF55E00B0FAAB /* night_particle.png */,
				948213EB1A0FF55E00B0FAAB /* night_pause_button.png */,
				948213EC1A0FF55E00B0FAAB /* night_play.png */,
				948213ED1A0FF55E00B0FAAB /* night_proceed.png */,
				948213EE1A0FF55E00B0FAAB /* night_quote1.png */,
				948213EF1A0FF55E00B0FAAB /* night_quote2.png */,
				948213F01A0FF55E00B0FAAB /* night_rate.png */,
				948213F11A0FF55E00B0FAAB /* night_rybel.png */,
				948213F21A0FF55E00B0FAAB /* night_sound_off.png */,
				948213F31A0FF55E00B0FAAB /* night_sound_on.png */,
				948213F51A0FF55E00B0FAAB /* night_timed.png */,
				948213F61A0FF55E00B0FAAB /* night_title.png */,
			);
			path = Night_Mode;
			sourceTree = "<group>";
		};
		9482140B1A0FF57400B0FAAB /* Post_Game */ = {
			isa = PBXGroup;
			children = (
				9482140C1A0FF57400B0FAAB /* black_overlay.png */,
				9482140D1A0FF57400B0FAAB /* clockscore.png */,
				9482140E1A0FF57400B0FAAB /* goalscore.png */,
				9482140F1A0FF57400B0FAAB /* post_exit.png */,
				948214101A0FF57400B0FAAB /* post_gamecenter.png */,
				948214111A0FF57400B0FAAB /* post_rate.png */,
				948214121A0FF57400B0FAAB /* post_replay.png */,
				948214131A0FF57400B0FAAB /* post_share.png */,
			);
			name = Post_Game;
			path = Night_Mode/Post_Game;
			sourceTree = "<group>";
		};
		9482141C1A0FF58C00B0FAAB /* Pause_Menu */ = {
			isa = PBXGroup;
			children = (
				9482141D1A0FF58C00B0FAAB /* black_overlay.png */,
				9482141E1A0FF58C00B0FAAB /* pause_exit.png */,
				9482141F1A0FF58C00B0FAAB /* pause_icon.png */,
				948214201A0FF58C00B0FAAB /* pause_restart.png */,
				948214211A0FF58C00B0FAAB /* pause_resume.png */,
			);
			path = Pause_Menu;
			sourceTree = "<group>";
		};
		948214271A0FF59300B0FAAB /* Normal_Mode */ = {
			isa = PBXGroup;
			children = (
				948214281A0FF59300B0FAAB /* background.png */,
				948214291A0FF59300B0FAAB /* ball.png */,
				9497932D1A17CD3000876461 /* strategy.png */,
				9482142A1A0FF59300B0FAAB /* credits.png */,
				9497932C1A17CD3000876461 /* goal.png */,
				9482142B1A0FF59300B0FAAB /* exit.png */,
				9482142C1A0FF59300B0FAAB /* feedback.png */,
				9482142D1A0FF59300B0FAAB /* gamecenter.png */,
				9482142E1A0FF59300B0FAAB /* light.png */,
				9482142F1A0FF59300B0FAAB /* particle.png */,
				948214301A0FF59300B0FAAB /* pause_button.png */,
				948214311A0FF59300B0FAAB /* play.png */,
				948214321A0FF59300B0FAAB /* proceed.png */,
				948214331A0FF59300B0FAAB /* quote1.png */,
				948214341A0FF59300B0FAAB /* quote2.png */,
				948214351A0FF59300B0FAAB /* rate.png */,
				948214361A0FF59300B0FAAB /* rybel.png */,
				948214371A0FF59300B0FAAB /* sound_off.png */,
				948214381A0FF59300B0FAAB /* sound_on.png */,
				9482143A1A0FF59300B0FAAB /* timed.png */,
				9482143B1A0FF59300B0FAAB /* title.png */,
			);
			path = Normal_Mode;
			sourceTree = "<group>";
		};
		948214571A0FF6CF00B0FAAB /* Fonts */ = {
			isa = PBXGroup;
			children = (
				948214551A0FF5AA00B0FAAB /* DS1.ttf */,
				948214521A0FF59F00B0FAAB /* DS3.ttf */,
				948214531A0FF59F00B0FAAB /* DS4.ttf */,
				94E19B97196C955200893DEE /* Prototype.ttf */,
				946E19BF1A2411780069C44B /* dinbek-black.ttf */,
			);
			name = Fonts;
			sourceTree = "<group>";
		};
		949104701971C4110070273A /* Splash Screen */ = {
			isa = PBXGroup;
			children = (
				94C9B6B61979AC9F00AE4BF2 /* nightquote1.png */,
				94C9B6B71979AC9F00AE4BF2 /* nightquote2.png */,
				94C9B6B81979AC9F00AE4BF2 /* normalquote1.png */,
				94C9B6B91979AC9F00AE4BF2 /* normalquote2.png */,
				94D31A4F1972483E006E21C2 /* strategyproceed.png */,
				9400629B1964AE0700B5D811 /* normalproceed.png */,
			);
			name = "Splash Screen";
			path = Other_Images;
			sourceTree = "<group>";
		};
		949104711971C4220070273A /* Launch Images */ = {
			isa = PBXGroup;
			children = (
				94792ACC195B6FEA004A6404 /* iPad2iPadmini.png */,
				94792ACD195B6FEA004A6404 /* iPadiPadmini.png */,
				94792ACF195B6FEA004A6404 /* iPodiPhone5.png */,
				94792ACE195B6FEA004A6404 /* iPodiPhone4.png */,
			);
			name = "Launch Images";
			path = "App Icon [Squared]";
			sourceTree = "<group>";
		};
		94C7FE9C194E3CDF00270AE8 = {
			isa = PBXGroup;
			children = (
				94D31A5519724EA2006E21C2 /* Frameworks */,
				94C7FEA7194E3CDF00270AE8 /* Bounce ball */,
				94C7FEC1194E3CDF00270AE8 /* Bounce ballTests */,
				94C7FEA6194E3CDF00270AE8 /* Products */,
			);
			sourceTree = "<group>";
		};
		94C7FEA6194E3CDF00270AE8 /* Products */ = {
			isa = PBXGroup;
			children = (
				94C7FEA5194E3CDF00270AE8 /* Bounce ball.app */,
				94C7FEBE194E3CDF00270AE8 /* Bounce ballTests.xctest */,
			);
			name = Products;
			sourceTree = "<group>";
		};
		94C7FEA7194E3CDF00270AE8 /* Bounce ball */ = {
			isa = PBXGroup;
			children = (
				94932F4519E1ADB800B533AA /* Settings.bundle */,
				94C7FEAC194E3CDF00270AE8 /* AppDelegate.h */,
				94C7FEAD194E3CDF00270AE8 /* AppDelegate.m */,
				94C7FEB2194E3CDF00270AE8 /* ViewController.h */,
				94C7FEB3194E3CDF00270AE8 /* ViewController.m */,
				94C7FEB5194E3CDF00270AE8 /* Main.storyboard */,
				94E19B94196C93C600893DEE /* Credits.h */,
				94E19B95196C93C600893DEE /* Credits.m */,
				946E19FA1A2418290069C44B /* Store.h */,
				946E19FB1A2418290069C44B /* Store.m */,
				94792A901958EBCF004A6404 /* Splashscreen.h */,
				94792A911958EBCF004A6404 /* Splashscreen.m */,
				947A9F5319589907006AE1C9 /* Menu.h */,
				947A9F5419589907006AE1C9 /* Menu.m */,
				940339DF195F789900FD9516 /* Gameplay Scenes */,
				94C7FEAF194E3CDF00270AE8 /* Bounce_ball.xcdatamodeld */,
				94E19B92196C8F4600893DEE /* Media.xcassets */,
				94C7FEA8194E3CDF00270AE8 /* Supporting Files */,
			);
			path = "Bounce ball";
			sourceTree = "<group>";
		};
		94C7FEA8194E3CDF00270AE8 /* Supporting Files */ = {
			isa = PBXGroup;
			children = (
				948214571A0FF6CF00B0FAAB /* Fonts */,
				948213DD1A0FF54500B0FAAB /* Sounds */,
				948213BA1A0FF53100B0FAAB /* App Icon [Squared] */,
				949104711971C4220070273A /* Launch Images */,
				94792A961958EC02004A6404 /* UI Images */,
				949104701971C4110070273A /* Splash Screen */,
				94C7FEA9194E3CDF00270AE8 /* Info.plist */,
				94C7FEAA194E3CDF00270AE8 /* main.m */,
			);
			name = "Supporting Files";
			sourceTree = "<group>";
		};
		94C7FEC1194E3CDF00270AE8 /* Bounce ballTests */ = {
			isa = PBXGroup;
			children = (
				94C7FEC4194E3CDF00270AE8 /* Bounce_ballTests.m */,
				94C7FEC2194E3CDF00270AE8 /* Supporting Files */,
			);
			path = "Bounce ballTests";
			sourceTree = "<group>";
		};
		94C7FEC2194E3CDF00270AE8 /* Supporting Files */ = {
			isa = PBXGroup;
			children = (
				94C7FEC3194E3CDF00270AE8 /* Info.plist */,
			);
			name = "Supporting Files";
			sourceTree = "<group>";
		};
		94D31A5519724EA2006E21C2 /* Frameworks */ = {
			isa = PBXGroup;
			children = (
				94932F4719E4B20500B533AA /* AVFoundation.framework */,
				94D31A561972C392006E21C2 /* iAd.framework */,
				94F843DC196E4EF100461256 /* MessageUI.framework */,
				940339E0195F78B300FD9516 /* StoreKit.framework */,
				94792ADD195CDE23004A6404 /* AudioToolbox.framework */,
				94792ADB195BAA16004A6404 /* GameKit.framework */,
				94792ACA1958FA17004A6404 /* QuartzCore.framework */,
				94C7FECE194E3DE600270AE8 /* SpriteKit.framework */,
			);
			name = Frameworks;
			sourceTree = "<group>";
		};
/* End PBXGroup section */

/* Begin PBXNativeTarget section */
		94C7FEA4194E3CDF00270AE8 /* Bounce ball */ = {
			isa = PBXNativeTarget;
			buildConfigurationList = 94C7FEC8194E3CDF00270AE8 /* Build configuration list for PBXNativeTarget "Bounce ball" */;
			buildPhases = (
				94C7FEA1194E3CDF00270AE8 /* Sources */,
				94C7FEA2194E3CDF00270AE8 /* Frameworks */,
				94C7FEA3194E3CDF00270AE8 /* Resources */,
			);
			buildRules = (
			);
			dependencies = (
			);
			name = "Bounce ball";
			productName = "Bounce ball";
			productReference = 94C7FEA5194E3CDF00270AE8 /* Bounce ball.app */;
			productType = "com.apple.product-type.application";
		};
		94C7FEBD194E3CDF00270AE8 /* Bounce ballTests */ = {
			isa = PBXNativeTarget;
			buildConfigurationList = 94C7FECB194E3CDF00270AE8 /* Build configuration list for PBXNativeTarget "Bounce ballTests" */;
			buildPhases = (
				94C7FEBA194E3CDF00270AE8 /* Sources */,
				94C7FEBB194E3CDF00270AE8 /* Frameworks */,
				94C7FEBC194E3CDF00270AE8 /* Resources */,
			);
			buildRules = (
			);
			dependencies = (
				94C7FEC0194E3CDF00270AE8 /* PBXTargetDependency */,
			);
			name = "Bounce ballTests";
			productName = "Bounce ballTests";
			productReference = 94C7FEBE194E3CDF00270AE8 /* Bounce ballTests.xctest */;
			productType = "com.apple.product-type.bundle.unit-test";
		};
/* End PBXNativeTarget section */

/* Begin PBXProject section */
		94C7FE9D194E3CDF00270AE8 /* Project object */ = {
			isa = PBXProject;
			attributes = {
				LastUpgradeCheck = 0600;
				ORGANIZATIONNAME = "Rybel LLC";
				TargetAttributes = {
					94C7FEA4194E3CDF00270AE8 = {
						CreatedOnToolsVersion = 6.0;
						DevelopmentTeam = AL6H9GEC6N;
					};
					94C7FEBD194E3CDF00270AE8 = {
						CreatedOnToolsVersion = 6.0;
						TestTargetID = 94C7FEA4194E3CDF00270AE8;
					};
				};
			};
			buildConfigurationList = 94C7FEA0194E3CDF00270AE8 /* Build configuration list for PBXProject "Inside The Box" */;
			compatibilityVersion = "Xcode 3.2";
			developmentRegion = English;
			hasScannedForEncodings = 0;
			knownRegions = (
				en,
				Base,
			);
			mainGroup = 94C7FE9C194E3CDF00270AE8;
			productRefGroup = 94C7FEA6194E3CDF00270AE8 /* Products */;
			projectDirPath = "";
			projectRoot = "";
			targets = (
				94C7FEA4194E3CDF00270AE8 /* Bounce ball */,
				94C7FEBD194E3CDF00270AE8 /* Bounce ballTests */,
			);
		};
/* End PBXProject section */

/* Begin PBXResourcesBuildPhase section */
		94C7FEA3194E3CDF00270AE8 /* Resources */ = {
			isa = PBXResourcesBuildPhase;
			buildActionMask = 2147483647;
			files = (
				946E19DE1A2411780069C44B /* dinbek-black.ttf in Resources */,
				9482145A1A10466900B0FAAB /* DS1.ttf in Resources */,
				946E19F31A2411780069C44B /* store_75.png in Resources */,
				946E19D81A2411780069C44B /* continue.png in Resources */,
				946E19E41A2411780069C44B /* night_store_285.png in Resources */,
				9482145B1A10466900B0FAAB /* DS3.ttf in Resources */,
				946E19D91A2411780069C44B /* gem.png in Resources */,
				9482145C1A10466900B0FAAB /* DS4.ttf in Resources */,
				946E19ED1A2411780069C44B /* store_190.png in Resources */,
				948214021A0FF55E00B0FAAB /* night_quote1.png in Resources */,
				948214451A0FF59300B0FAAB /* play.png in Resources */,
				948213D51A0FF53100B0FAAB /* AppIcon72x72.png in Resources */,
				946E19F01A2411780069C44B /* store_35.png in Resources */,
				948213E01A0FF54500B0FAAB /* bounce_sound.mp3 in Resources */,
				94792AD0195B6FEA004A6404 /* iPad2iPadmini.png in Resources */,
				948213FA1A0FF55E00B0FAAB /* night_exit.png in Resources */,
				948213D71A0FF53100B0FAAB /* AppIcon76x76.png in Resources */,
				946E19DC1A2411780069C44B /* night_revive.png in Resources */,
				948214001A0FF55E00B0FAAB /* night_play.png in Resources */,
				948214261A0FF58C00B0FAAB /* pause_resume.png in Resources */,
				946E19E21A2411780069C44B /* night_store_190.png in Resources */,
				9482144B1A0FF59300B0FAAB /* sound_off.png in Resources */,
				948214441A0FF59300B0FAAB /* pause_button.png in Resources */,
				948214161A0FF57400B0FAAB /* goalscore.png in Resources */,
				948214491A0FF59300B0FAAB /* rate.png in Resources */,
				948213F81A0FF55E00B0FAAB /* night_ball.png in Resources */,
				946E19EE1A2411780069C44B /* store_2750.png in Resources */,
				946E19DA1A2411780069C44B /* night_angel.png in Resources */,
				945D89E319FC7F9B00218159 /* explode.sks in Resources */,
				948213D01A0FF53100B0FAAB /* AppIcon50x50@2x.png in Resources */,
				94792AD3195B6FEA004A6404 /* iPodiPhone5.png in Resources */,
				946E19E01A2411780069C44B /* night_store_1250.png in Resources */,
				948214401A0FF59300B0FAAB /* feedback.png in Resources */,
				948214071A0FF55E00B0FAAB /* night_sound_on.png in Resources */,
				948213CF1A0FF53100B0FAAB /* AppIcon50x50.png in Resources */,
				948214411A0FF59300B0FAAB /* gamecenter.png in Resources */,
				94792AD1195B6FEA004A6404 /* iPadiPadmini.png in Resources */,
				9482144A1A0FF59300B0FAAB /* rybel.png in Resources */,
				9482144C1A0FF59300B0FAAB /* sound_on.png in Resources */,
				948214091A0FF55E00B0FAAB /* night_timed.png in Resources */,
				946E19DB1A2411780069C44B /* night_continue.png in Resources */,
				946E19EC1A2411780069C44B /* store_15.png in Resources */,
				9482143E1A0FF59300B0FAAB /* credits.png in Resources */,
				9497932E1A17CD3000876461 /* goal.png in Resources */,
				948214151A0FF57400B0FAAB /* clockscore.png in Resources */,
				9482143C1A0FF59300B0FAAB /* background.png in Resources */,
				948214481A0FF59300B0FAAB /* quote2.png in Resources */,
				948213FB1A0FF55E00B0FAAB /* night_feedback.png in Resources */,
				946E19E81A2411780069C44B /* night_store_75.png in Resources */,
				948214241A0FF58C00B0FAAB /* pause_icon.png in Resources */,
				949793341A17D47300876461 /* end_noise.mp3 in Resources */,
				9482143F1A0FF59300B0FAAB /* exit.png in Resources */,
				9422FD2619FDD5CF001FD0F6 /* boken.sks in Resources */,
				946E19E61A2411780069C44B /* night_store_400.png in Resources */,
				946E19F51A2411780069C44B /* store_icon.png in Resources */,
				94C7FEB7194E3CDF00270AE8 /* Main.storyboard in Resources */,
				94911A4E1A19173200B0FCAD /* night_strategy.png in Resources */,
				948214011A0FF55E00B0FAAB /* night_proceed.png in Resources */,
				948214041A0FF55E00B0FAAB /* night_rate.png in Resources */,
				948213D41A0FF53100B0FAAB /* AppIcon60x60@2x.png in Resources */,
				94792AD2195B6FEA004A6404 /* iPodiPhone4.png in Resources */,
				9422FD2719FDD5CF001FD0F6 /* bokeh.png in Resources */,
				948213D31A0FF53100B0FAAB /* AppIcon60x60.png in Resources */,
				948213D21A0FF53100B0FAAB /* AppIcon57x57@2x.png in Resources */,
				946E19E91A2411780069C44B /* night_store_exit.png in Resources */,
				948214031A0FF55E00B0FAAB /* night_quote2.png in Resources */,
				9482144F1A0FF59300B0FAAB /* title.png in Resources */,
				9497932F1A17CD3000876461 /* strategy.png in Resources */,
				94D31A531972483E006E21C2 /* strategyproceed.png in Resources */,
				9482141B1A0FF57400B0FAAB /* post_share.png in Resources */,
				948214181A0FF57400B0FAAB /* post_gamecenter.png in Resources */,
				948214461A0FF59300B0FAAB /* proceed.png in Resources */,
				946E19E31A2411780069C44B /* night_store_2750.png in Resources */,
				9482140A1A0FF55E00B0FAAB /* night_title.png in Resources */,
				948214051A0FF55E00B0FAAB /* night_rybel.png in Resources */,
				94C9B6BD1979AC9F00AE4BF2 /* normalquote2.png in Resources */,
				949793311A17CDB200876461 /* night_goal.png in Resources */,
				9482143D1A0FF59300B0FAAB /* ball.png in Resources */,
				946E19EF1A2411780069C44B /* store_285.png in Resources */,
				948214471A0FF59300B0FAAB /* quote1.png in Resources */,
				948213F91A0FF55E00B0FAAB /* night_credits.png in Resources */,
				948213DA1A0FF53100B0FAAB /* iTunesArtwork@2x.png in Resources */,
				948214061A0FF55E00B0FAAB /* night_sound_off.png in Resources */,
				94E19B98196C955200893DEE /* Prototype.ttf in Resources */,
				9482144E1A0FF59300B0FAAB /* timed.png in Resources */,
				948213D11A0FF53100B0FAAB /* AppIcon57x57.png in Resources */,
				948214141A0FF57400B0FAAB /* black_overlay.png in Resources */,
				948213D91A0FF53100B0FAAB /* iTunesArtwork.png in Resources */,
				9400629C1964AE0700B5D811 /* normalproceed.png in Resources */,
				948213CE1A0FF53100B0FAAB /* AppIcon40x40@2x.png in Resources */,
				948213FE1A0FF55E00B0FAAB /* night_particle.png in Resources */,
				946E19D71A2411780069C44B /* angel.png in Resources */,
				946E19E51A2411780069C44B /* night_store_35.png in Resources */,
				948213CB1A0FF53100B0FAAB /* AppIcon29x29.png in Resources */,
				946E19E11A2411780069C44B /* night_store_15.png in Resources */,
				948214251A0FF58C00B0FAAB /* pause_restart.png in Resources */,
				948213CD1A0FF53100B0FAAB /* AppIcon40x40.png in Resources */,
				946E19E71A2411780069C44B /* night_store_500.png in Resources */,
				946E19F21A2411780069C44B /* store_500.png in Resources */,
				946E19EA1A2411780069C44B /* night_store_icon.png in Resources */,
				948214171A0FF57400B0FAAB /* post_exit.png in Resources */,
				948213FF1A0FF55E00B0FAAB /* night_pause_button.png in Resources */,
				94C9B6BC1979AC9F00AE4BF2 /* normalquote1.png in Resources */,
				948214431A0FF59300B0FAAB /* particle.png in Resources */,
				948214221A0FF58C00B0FAAB /* black_overlay.png in Resources */,
				948213FD1A0FF55E00B0FAAB /* night_light.png in Resources */,
				946E19DD1A2411780069C44B /* revive.png in Resources */,
				948213D61A0FF53100B0FAAB /* AppIcon72x72@2x.png in Resources */,
				948213F71A0FF55E00B0FAAB /* night_background.png in Resources */,
				9482141A1A0FF57400B0FAAB /* post_replay.png in Resources */,
				948213FC1A0FF55E00B0FAAB /* night_gamecenter.png in Resources */,
				948213E11A0FF54500B0FAAB /* toggle_sound.mp3 in Resources */,
				948214231A0FF58C00B0FAAB /* pause_exit.png in Resources */,
				948213D81A0FF53100B0FAAB /* AppIcon76x76@2x.png in Resources */,
				946E19F41A2411780069C44B /* store_exit.png in Resources */,
				945D89E119FC7A3500218159 /* spark.png in Resources */,
				94E19B93196C8F4600893DEE /* Media.xcassets in Resources */,
				948214421A0FF59300B0FAAB /* light.png in Resources */,
				94C9B6BA1979AC9F00AE4BF2 /* nightquote1.png in Resources */,
				948214191A0FF57400B0FAAB /* post_rate.png in Resources */,
				94932F4619E1ADB800B533AA /* Settings.bundle in Resources */,
				946E19EB1A2411780069C44B /* store_1250.png in Resources */,
				949793351A17D47300876461 /* goal_contact.mp3 in Resources */,
				946E19F11A2411780069C44B /* store_400.png in Resources */,
				948213CC1A0FF53100B0FAAB /* AppIcon29x29@2x.png in Resources */,
				94C9B6BB1979AC9F00AE4BF2 /* nightquote2.png in Resources */,
				948213DC1A0FF53A00B0FAAB /* appicon.png in Resources */,
			);
			runOnlyForDeploymentPostprocessing = 0;
		};
		94C7FEBC194E3CDF00270AE8 /* Resources */ = {
			isa = PBXResourcesBuildPhase;
			buildActionMask = 2147483647;
			files = (
			);
			runOnlyForDeploymentPostprocessing = 0;
		};
/* End PBXResourcesBuildPhase section */

/* Begin PBXSourcesBuildPhase section */
		94C7FEA1194E3CDF00270AE8 /* Sources */ = {
			isa = PBXSourcesBuildPhase;
			buildActionMask = 2147483647;
			files = (
				94D31A48197236FE006E21C2 /* Normal.m in Sources */,
				947A9F5519589907006AE1C9 /* Menu.m in Sources */,
				94E19B96196C93C600893DEE /* Credits.m in Sources */,
				946E19FC1A2418290069C44B /* Store.m in Sources */,
				94C7FEB1194E3CDF00270AE8 /* Bounce_ball.xcdatamodeld in Sources */,
				94033A14196205D200FD9516 /* NormalStrategic.m in Sources */,
				94C7FEAE194E3CDF00270AE8 /* AppDelegate.m in Sources */,
				94792A921958EBCF004A6404 /* Splashscreen.m in Sources */,
				94C7FEB4194E3CDF00270AE8 /* ViewController.m in Sources */,
				94C7FEAB194E3CDF00270AE8 /* main.m in Sources */,
			);
			runOnlyForDeploymentPostprocessing = 0;
		};
		94C7FEBA194E3CDF00270AE8 /* Sources */ = {
			isa = PBXSourcesBuildPhase;
			buildActionMask = 2147483647;
			files = (
				94C7FEC5194E3CDF00270AE8 /* Bounce_ballTests.m in Sources */,
			);
			runOnlyForDeploymentPostprocessing = 0;
		};
/* End PBXSourcesBuildPhase section */

/* Begin PBXTargetDependency section */
		94C7FEC0194E3CDF00270AE8 /* PBXTargetDependency */ = {
			isa = PBXTargetDependency;
			target = 94C7FEA4194E3CDF00270AE8 /* Bounce ball */;
			targetProxy = 94C7FEBF194E3CDF00270AE8 /* PBXContainerItemProxy */;
		};
/* End PBXTargetDependency section */

/* Begin PBXVariantGroup section */
		948214551A0FF5AA00B0FAAB /* DS1.ttf */ = {
			isa = PBXVariantGroup;
			children = (
				948214541A0FF5AA00B0FAAB /* Base */,
			);
			name = DS1.ttf;
			sourceTree = "<group>";
		};
		94C7FEB5194E3CDF00270AE8 /* Main.storyboard */ = {
			isa = PBXVariantGroup;
			children = (
				94C7FEB6194E3CDF00270AE8 /* Base */,
			);
			name = Main.storyboard;
			sourceTree = "<group>";
		};
/* End PBXVariantGroup section */

/* Begin XCBuildConfiguration section */
		94C7FEC6194E3CDF00270AE8 /* Debug */ = {
			isa = XCBuildConfiguration;
			buildSettings = {
				ALWAYS_SEARCH_USER_PATHS = NO;
				CLANG_CXX_LANGUAGE_STANDARD = "gnu++0x";
				CLANG_CXX_LIBRARY = "libc++";
				CLANG_ENABLE_MODULES = YES;
				CLANG_ENABLE_OBJC_ARC = YES;
				CLANG_WARN_BOOL_CONVERSION = YES;
				CLANG_WARN_CONSTANT_CONVERSION = YES;
				CLANG_WARN_DIRECT_OBJC_ISA_USAGE = YES_ERROR;
				CLANG_WARN_EMPTY_BODY = YES;
				CLANG_WARN_ENUM_CONVERSION = YES;
				CLANG_WARN_INT_CONVERSION = YES;
				CLANG_WARN_OBJC_ROOT_CLASS = YES_ERROR;
				CLANG_WARN_UNREACHABLE_CODE = YES;
				CLANG_WARN__DUPLICATE_METHOD_MATCH = YES;
				"CODE_SIGN_IDENTITY[sdk=iphoneos*]" = "iPhone Developer";
				COPY_PHASE_STRIP = NO;
				ENABLE_STRICT_OBJC_MSGSEND = YES;
				GCC_C_LANGUAGE_STANDARD = gnu99;
				GCC_DYNAMIC_NO_PIC = NO;
				GCC_OPTIMIZATION_LEVEL = 0;
				GCC_PREPROCESSOR_DEFINITIONS = (
					"DEBUG=1",
					"$(inherited)",
				);
				GCC_SYMBOLS_PRIVATE_EXTERN = NO;
				GCC_WARN_64_TO_32_BIT_CONVERSION = YES;
				GCC_WARN_ABOUT_RETURN_TYPE = YES_ERROR;
				GCC_WARN_UNDECLARED_SELECTOR = YES;
				GCC_WARN_UNINITIALIZED_AUTOS = YES_AGGRESSIVE;
				GCC_WARN_UNUSED_FUNCTION = YES;
				GCC_WARN_UNUSED_VARIABLE = YES;
				IPHONEOS_DEPLOYMENT_TARGET = 8.0;
				METAL_ENABLE_DEBUG_INFO = YES;
				ONLY_ACTIVE_ARCH = YES;
				SDKROOT = iphoneos;
				TARGETED_DEVICE_FAMILY = "1,2";
			};
			name = Debug;
		};
		94C7FEC7194E3CDF00270AE8 /* Release */ = {
			isa = XCBuildConfiguration;
			buildSettings = {
				ALWAYS_SEARCH_USER_PATHS = NO;
				CLANG_CXX_LANGUAGE_STANDARD = "gnu++0x";
				CLANG_CXX_LIBRARY = "libc++";
				CLANG_ENABLE_MODULES = YES;
				CLANG_ENABLE_OBJC_ARC = YES;
				CLANG_WARN_BOOL_CONVERSION = YES;
				CLANG_WARN_CONSTANT_CONVERSION = YES;
				CLANG_WARN_DIRECT_OBJC_ISA_USAGE = YES_ERROR;
				CLANG_WARN_EMPTY_BODY = YES;
				CLANG_WARN_ENUM_CONVERSION = YES;
				CLANG_WARN_INT_CONVERSION = YES;
				CLANG_WARN_OBJC_ROOT_CLASS = YES_ERROR;
				CLANG_WARN_UNREACHABLE_CODE = YES;
				CLANG_WARN__DUPLICATE_METHOD_MATCH = YES;
				"CODE_SIGN_IDENTITY[sdk=iphoneos*]" = "iPhone Developer";
				COPY_PHASE_STRIP = YES;
				ENABLE_NS_ASSERTIONS = NO;
				ENABLE_STRICT_OBJC_MSGSEND = YES;
				GCC_C_LANGUAGE_STANDARD = gnu99;
				GCC_WARN_64_TO_32_BIT_CONVERSION = YES;
				GCC_WARN_ABOUT_RETURN_TYPE = YES_ERROR;
				GCC_WARN_UNDECLARED_SELECTOR = YES;
				GCC_WARN_UNINITIALIZED_AUTOS = YES_AGGRESSIVE;
				GCC_WARN_UNUSED_FUNCTION = YES;
				GCC_WARN_UNUSED_VARIABLE = YES;
				IPHONEOS_DEPLOYMENT_TARGET = 8.0;
				METAL_ENABLE_DEBUG_INFO = NO;
				SDKROOT = iphoneos;
				TARGETED_DEVICE_FAMILY = "1,2";
				VALIDATE_PRODUCT = YES;
			};
			name = Release;
		};
		94C7FEC9194E3CDF00270AE8 /* Debug */ = {
			isa = XCBuildConfiguration;
			buildSettings = {
				ASSETCATALOG_COMPILER_APPICON_NAME = AppIcon;
				ASSETCATALOG_COMPILER_LAUNCHIMAGE_NAME = LaunchImage;
				CLANG_ENABLE_OBJC_ARC = YES;
				CLANG_WARN_ASSIGN_ENUM = YES;
				CLANG_WARN_DOCUMENTATION_COMMENTS = YES;
				CLANG_WARN_ENUM_CONVERSION = NO;
				CLANG_WARN_IMPLICIT_SIGN_CONVERSION = YES;
				CLANG_WARN_INT_CONVERSION = NO;
				CODE_SIGN_IDENTITY = "iPhone Developer";
				"CODE_SIGN_IDENTITY[sdk=iphoneos*]" = "iPhone Developer";
				GCC_WARN_FOUR_CHARACTER_CONSTANTS = YES;
				GCC_WARN_INITIALIZER_NOT_FULLY_BRACKETED = NO;
				GCC_WARN_SHADOW = NO;
				GCC_WARN_UNUSED_LABEL = NO;
				GCC_WARN_UNUSED_PARAMETER = NO;
				INFOPLIST_FILE = "Bounce ball/Info.plist";
				IPHONEOS_DEPLOYMENT_TARGET = 7.0;
				LD_RUNPATH_SEARCH_PATHS = "$(inherited) @executable_path/Frameworks";
				ONLY_ACTIVE_ARCH = YES;
				PRODUCT_NAME = "$(TARGET_NAME)";
				PROVISIONING_PROFILE = "";
				TARGETED_DEVICE_FAMILY = "1,2";
			};
			name = Debug;
		};
		94C7FECA194E3CDF00270AE8 /* Release */ = {
			isa = XCBuildConfiguration;
			buildSettings = {
				ASSETCATALOG_COMPILER_APPICON_NAME = AppIcon;
				ASSETCATALOG_COMPILER_LAUNCHIMAGE_NAME = LaunchImage;
				CLANG_ENABLE_OBJC_ARC = YES;
				CLANG_WARN_ASSIGN_ENUM = YES;
				CLANG_WARN_DOCUMENTATION_COMMENTS = YES;
				CLANG_WARN_ENUM_CONVERSION = NO;
				CLANG_WARN_IMPLICIT_SIGN_CONVERSION = YES;
				CLANG_WARN_INT_CONVERSION = NO;
				CODE_SIGN_IDENTITY = "iPhone Developer";
				"CODE_SIGN_IDENTITY[sdk=iphoneos*]" = "iPhone Developer";
				GCC_WARN_FOUR_CHARACTER_CONSTANTS = YES;
				GCC_WARN_INITIALIZER_NOT_FULLY_BRACKETED = NO;
				GCC_WARN_SHADOW = NO;
				GCC_WARN_UNUSED_LABEL = NO;
				GCC_WARN_UNUSED_PARAMETER = NO;
				INFOPLIST_FILE = "Bounce ball/Info.plist";
				IPHONEOS_DEPLOYMENT_TARGET = 7.0;
				LD_RUNPATH_SEARCH_PATHS = "$(inherited) @executable_path/Frameworks";
				ONLY_ACTIVE_ARCH = NO;
				PRODUCT_NAME = "$(TARGET_NAME)";
				PROVISIONING_PROFILE = "";
				TARGETED_DEVICE_FAMILY = "1,2";
			};
			name = Release;
		};
		94C7FECC194E3CDF00270AE8 /* Debug */ = {
			isa = XCBuildConfiguration;
			buildSettings = {
				BUNDLE_LOADER = "$(BUILT_PRODUCTS_DIR)/Bounce ball.app/Bounce ball";
				FRAMEWORK_SEARCH_PATHS = (
					"$(SDKROOT)/Developer/Library/Frameworks",
					"$(inherited)",
				);
				GCC_PREPROCESSOR_DEFINITIONS = (
					"DEBUG=1",
					"$(inherited)",
				);
				INFOPLIST_FILE = "Bounce ballTests/Info.plist";
				LD_RUNPATH_SEARCH_PATHS = "$(inherited) @executable_path/Frameworks @loader_path/Frameworks";
				METAL_ENABLE_DEBUG_INFO = YES;
				PRODUCT_NAME = "$(TARGET_NAME)";
				TEST_HOST = "$(BUNDLE_LOADER)";
			};
			name = Debug;
		};
		94C7FECD194E3CDF00270AE8 /* Release */ = {
			isa = XCBuildConfiguration;
			buildSettings = {
				BUNDLE_LOADER = "$(BUILT_PRODUCTS_DIR)/Bounce ball.app/Bounce ball";
				FRAMEWORK_SEARCH_PATHS = (
					"$(SDKROOT)/Developer/Library/Frameworks",
					"$(inherited)",
				);
				INFOPLIST_FILE = "Bounce ballTests/Info.plist";
				LD_RUNPATH_SEARCH_PATHS = "$(inherited) @executable_path/Frameworks @loader_path/Frameworks";
				METAL_ENABLE_DEBUG_INFO = NO;
				PRODUCT_NAME = "$(TARGET_NAME)";
				TEST_HOST = "$(BUNDLE_LOADER)";
			};
			name = Release;
		};
/* End XCBuildConfiguration section */

/* Begin XCConfigurationList section */
		94C7FEA0194E3CDF00270AE8 /* Build configuration list for PBXProject "Inside The Box" */ = {
			isa = XCConfigurationList;
			buildConfigurations = (
				94C7FEC6194E3CDF00270AE8 /* Debug */,
				94C7FEC7194E3CDF00270AE8 /* Release */,
			);
			defaultConfigurationIsVisible = 0;
			defaultConfigurationName = Release;
		};
		94C7FEC8194E3CDF00270AE8 /* Build configuration list for PBXNativeTarget "Bounce ball" */ = {
			isa = XCConfigurationList;
			buildConfigurations = (
				94C7FEC9194E3CDF00270AE8 /* Debug */,
				94C7FECA194E3CDF00270AE8 /* Release */,
			);
			defaultConfigurationIsVisible = 0;
			defaultConfigurationName = Release;
		};
		94C7FECB194E3CDF00270AE8 /* Build configuration list for PBXNativeTarget "Bounce ballTests" */ = {
			isa = XCConfigurationList;
			buildConfigurations = (
				94C7FECC194E3CDF00270AE8 /* Debug */,
				94C7FECD194E3CDF00270AE8 /* Release */,
			);
			defaultConfigurationIsVisible = 0;
			defaultConfigurationName = Release;
		};
/* End XCConfigurationList section */

/* Begin XCVersionGroup section */
		94C7FEAF194E3CDF00270AE8 /* Bounce_ball.xcdatamodeld */ = {
			isa = XCVersionGroup;
			children = (
				94C7FEB0194E3CDF00270AE8 /* Bounce_ball.xcdatamodel */,
			);
			currentVersion = 94C7FEB0194E3CDF00270AE8 /* Bounce_ball.xcdatamodel */;
			path = Bounce_ball.xcdatamodeld;
			sourceTree = "<group>";
			versionGroupType = wrapper.xcdatamodel;
		};
/* End XCVersionGroup section */
	};
	rootObject = 94C7FE9D194E3CDF00270AE8 /* Project object */;
}
