// !$*UTF8*$!
{
	archiveVersion = 1;
	classes = {
	};
	objectVersion = 46;
	objects = {

/* Begin PBXBuildFile section */
		9400629A1963C40300B5D811 /* normalgo.png in Resources */ = {isa = PBXBuildFile; fileRef = 940062991963C40300B5D811 /* normalgo.png */; };
		9400629C1964AE0700B5D811 /* normalproceed.png in Resources */ = {isa = PBXBuildFile; fileRef = 9400629B1964AE0700B5D811 /* normalproceed.png */; };
		940339DB195F755600FD9516 /* normalselection.png in Resources */ = {isa = PBXBuildFile; fileRef = 940339DA195F755600FD9516 /* normalselection.png */; };
		940339E1195F78B300FD9516 /* StoreKit.framework in Frameworks */ = {isa = PBXBuildFile; fileRef = 940339E0195F78B300FD9516 /* StoreKit.framework */; };
		940339E3195F864200FD9516 /* nightbackground.png in Resources */ = {isa = PBXBuildFile; fileRef = 940339E2195F864200FD9516 /* nightbackground.png */; };
		940339E7195F892C00FD9516 /* nightball.png in Resources */ = {isa = PBXBuildFile; fileRef = 940339E6195F892C00FD9516 /* nightball.png */; };
		940339EA19609C1B00FD9516 /* nightback.png in Resources */ = {isa = PBXBuildFile; fileRef = 940339E819609C1B00FD9516 /* nightback.png */; };
		940339EB19609C1B00FD9516 /* normalback.png in Resources */ = {isa = PBXBuildFile; fileRef = 940339E919609C1B00FD9516 /* normalback.png */; };
		940339FD1960DA0400FD9516 /* AppIcon29x29.png in Resources */ = {isa = PBXBuildFile; fileRef = 940339ED1960DA0400FD9516 /* AppIcon29x29.png */; };
		940339FE1960DA0400FD9516 /* AppIcon29x29@2x.png in Resources */ = {isa = PBXBuildFile; fileRef = 940339EE1960DA0400FD9516 /* AppIcon29x29@2x.png */; };
		940339FF1960DA0400FD9516 /* AppIcon40x40.png in Resources */ = {isa = PBXBuildFile; fileRef = 940339EF1960DA0400FD9516 /* AppIcon40x40.png */; };
		94033A001960DA0400FD9516 /* AppIcon40x40@2x.png in Resources */ = {isa = PBXBuildFile; fileRef = 940339F01960DA0400FD9516 /* AppIcon40x40@2x.png */; };
		94033A011960DA0400FD9516 /* AppIcon50x50.png in Resources */ = {isa = PBXBuildFile; fileRef = 940339F11960DA0400FD9516 /* AppIcon50x50.png */; };
		94033A021960DA0400FD9516 /* AppIcon50x50@2x.png in Resources */ = {isa = PBXBuildFile; fileRef = 940339F21960DA0400FD9516 /* AppIcon50x50@2x.png */; };
		94033A031960DA0400FD9516 /* AppIcon57x57.png in Resources */ = {isa = PBXBuildFile; fileRef = 940339F31960DA0400FD9516 /* AppIcon57x57.png */; };
		94033A041960DA0400FD9516 /* AppIcon57x57@2x.png in Resources */ = {isa = PBXBuildFile; fileRef = 940339F41960DA0400FD9516 /* AppIcon57x57@2x.png */; };
		94033A051960DA0400FD9516 /* AppIcon60x60.png in Resources */ = {isa = PBXBuildFile; fileRef = 940339F51960DA0400FD9516 /* AppIcon60x60.png */; };
		94033A061960DA0400FD9516 /* AppIcon60x60@2x.png in Resources */ = {isa = PBXBuildFile; fileRef = 940339F61960DA0400FD9516 /* AppIcon60x60@2x.png */; };
		94033A071960DA0400FD9516 /* AppIcon72x72.png in Resources */ = {isa = PBXBuildFile; fileRef = 940339F71960DA0400FD9516 /* AppIcon72x72.png */; };
		94033A081960DA0400FD9516 /* AppIcon72x72@2x.png in Resources */ = {isa = PBXBuildFile; fileRef = 940339F81960DA0400FD9516 /* AppIcon72x72@2x.png */; };
		94033A091960DA0400FD9516 /* AppIcon76x76.png in Resources */ = {isa = PBXBuildFile; fileRef = 940339F91960DA0400FD9516 /* AppIcon76x76.png */; };
		94033A0A1960DA0400FD9516 /* AppIcon76x76@2x.png in Resources */ = {isa = PBXBuildFile; fileRef = 940339FA1960DA0400FD9516 /* AppIcon76x76@2x.png */; };
		94033A0B1960DA0400FD9516 /* iTunesArtwork.png in Resources */ = {isa = PBXBuildFile; fileRef = 940339FB1960DA0400FD9516 /* iTunesArtwork.png */; };
		94033A0C1960DA0400FD9516 /* iTunesArtwork@2x.png in Resources */ = {isa = PBXBuildFile; fileRef = 940339FC1960DA0400FD9516 /* iTunesArtwork@2x.png */; };
		94033A14196205D200FD9516 /* NormalStrategic.m in Sources */ = {isa = PBXBuildFile; fileRef = 94033A13196205D200FD9516 /* NormalStrategic.m */; };
		94033A1D19634EE200FD9516 /* flickering_noise.mp3 in Resources */ = {isa = PBXBuildFile; fileRef = 94033A1519634EE200FD9516 /* flickering_noise.mp3 */; };
		94033A2119634EE200FD9516 /* normalcreditsbutton.png in Resources */ = {isa = PBXBuildFile; fileRef = 94033A1919634EE200FD9516 /* normalcreditsbutton.png */; };
		94033A2219634EE200FD9516 /* normalratebutton.png in Resources */ = {isa = PBXBuildFile; fileRef = 94033A1A19634EE200FD9516 /* normalratebutton.png */; };
		94033A2419634EE200FD9516 /* toggle_sound.mp3 in Resources */ = {isa = PBXBuildFile; fileRef = 94033A1C19634EE200FD9516 /* toggle_sound.mp3 */; };
		94141A0F197DC95A00AC8FCB /* nightfeedbackbutton.png in Resources */ = {isa = PBXBuildFile; fileRef = 94141A0C197DC95A00AC8FCB /* nightfeedbackbutton.png */; };
		94141A10197DC95A00AC8FCB /* normalfeedbackbutton.png in Resources */ = {isa = PBXBuildFile; fileRef = 94141A0D197DC95A00AC8FCB /* normalfeedbackbutton.png */; };
		94141A11197DC95A00AC8FCB /* strategyfeedbackbutton.png in Resources */ = {isa = PBXBuildFile; fileRef = 94141A0E197DC95A00AC8FCB /* strategyfeedbackbutton.png */; };
		94141A13197DC97400AC8FCB /* strategyselection.png in Resources */ = {isa = PBXBuildFile; fileRef = 94141A12197DC97400AC8FCB /* strategyselection.png */; };
		94792A921958EBCF004A6404 /* Splashscreen.m in Sources */ = {isa = PBXBuildFile; fileRef = 94792A911958EBCF004A6404 /* Splashscreen.m */; };
		94792A951958EBDC004A6404 /* ModeSelect.m in Sources */ = {isa = PBXBuildFile; fileRef = 94792A941958EBDC004A6404 /* ModeSelect.m */; };
		94792AB31958EC02004A6404 /* nightmodetitle.png in Resources */ = {isa = PBXBuildFile; fileRef = 94792A991958EC02004A6404 /* nightmodetitle.png */; };
		94792AB51958EC02004A6404 /* normalmodetitle.png in Resources */ = {isa = PBXBuildFile; fileRef = 94792A9B1958EC02004A6404 /* normalmodetitle.png */; };
		94792AB61958EC02004A6404 /* gamcentericon.png in Resources */ = {isa = PBXBuildFile; fileRef = 94792A9D1958EC02004A6404 /* gamcentericon.png */; };
		94792AB81958EC02004A6404 /* nightbackgroundplain.png in Resources */ = {isa = PBXBuildFile; fileRef = 94792A9F1958EC02004A6404 /* nightbackgroundplain.png */; };
		94792AB91958EC02004A6404 /* nightmodebutton.png in Resources */ = {isa = PBXBuildFile; fileRef = 94792AA01958EC02004A6404 /* nightmodebutton.png */; };
		94792ABA1958EC02004A6404 /* nightplaybutton.png in Resources */ = {isa = PBXBuildFile; fileRef = 94792AA11958EC02004A6404 /* nightplaybutton.png */; };
		94792ABB1958EC02004A6404 /* nightsettings.png in Resources */ = {isa = PBXBuildFile; fileRef = 94792AA21958EC02004A6404 /* nightsettings.png */; };
		94792ABC1958EC02004A6404 /* nighttitle.png in Resources */ = {isa = PBXBuildFile; fileRef = 94792AA31958EC02004A6404 /* nighttitle.png */; };
		94792ABE1958EC02004A6404 /* normalbackground.png in Resources */ = {isa = PBXBuildFile; fileRef = 94792AA61958EC02004A6404 /* normalbackground.png */; };
		94792ABF1958EC02004A6404 /* normalmodebutton.png in Resources */ = {isa = PBXBuildFile; fileRef = 94792AA71958EC02004A6404 /* normalmodebutton.png */; };
		94792AC01958EC02004A6404 /* normalplaybutton.png in Resources */ = {isa = PBXBuildFile; fileRef = 94792AA81958EC02004A6404 /* normalplaybutton.png */; };
		94792AC11958EC02004A6404 /* normalsettings.png in Resources */ = {isa = PBXBuildFile; fileRef = 94792AA91958EC02004A6404 /* normalsettings.png */; };
		94792AC21958EC02004A6404 /* normaltitle.png in Resources */ = {isa = PBXBuildFile; fileRef = 94792AAA1958EC02004A6404 /* normaltitle.png */; };
		94792AC31958EC02004A6404 /* glassoverlay.png in Resources */ = {isa = PBXBuildFile; fileRef = 94792AAC1958EC02004A6404 /* glassoverlay.png */; };
		94792AC91958F7C9004A6404 /* normalball.png in Resources */ = {isa = PBXBuildFile; fileRef = 94792AC81958F7C9004A6404 /* normalball.png */; };
		94792ACB1958FA17004A6404 /* QuartzCore.framework in Frameworks */ = {isa = PBXBuildFile; fileRef = 94792ACA1958FA17004A6404 /* QuartzCore.framework */; };
		94792AD0195B6FEA004A6404 /* iPad2iPadmini.png in Resources */ = {isa = PBXBuildFile; fileRef = 94792ACC195B6FEA004A6404 /* iPad2iPadmini.png */; };
		94792AD1195B6FEA004A6404 /* iPadiPadmini.png in Resources */ = {isa = PBXBuildFile; fileRef = 94792ACD195B6FEA004A6404 /* iPadiPadmini.png */; };
		94792AD2195B6FEA004A6404 /* iPodiPhone4.png in Resources */ = {isa = PBXBuildFile; fileRef = 94792ACE195B6FEA004A6404 /* iPodiPhone4.png */; };
		94792AD3195B6FEA004A6404 /* iPodiPhone5.png in Resources */ = {isa = PBXBuildFile; fileRef = 94792ACF195B6FEA004A6404 /* iPodiPhone5.png */; };
		94792ADA195B7218004A6404 /* Settings.m in Sources */ = {isa = PBXBuildFile; fileRef = 94792AD9195B7218004A6404 /* Settings.m */; };
		94792ADC195BAA16004A6404 /* GameKit.framework in Frameworks */ = {isa = PBXBuildFile; fileRef = 94792ADB195BAA16004A6404 /* GameKit.framework */; };
		94792ADE195CDE23004A6404 /* AudioToolbox.framework in Frameworks */ = {isa = PBXBuildFile; fileRef = 94792ADD195CDE23004A6404 /* AudioToolbox.framework */; };
		94792AE0195CDFB2004A6404 /* break.mp3 in Resources */ = {isa = PBXBuildFile; fileRef = 94792ADF195CDFB2004A6404 /* break.mp3 */; };
		947A9F5519589907006AE1C9 /* Menu.m in Sources */ = {isa = PBXBuildFile; fileRef = 947A9F5419589907006AE1C9 /* Menu.m */; };
		94BDFF49196B745100723965 /* nightcreditsbutton.png in Resources */ = {isa = PBXBuildFile; fileRef = 94BDFF45196B745100723965 /* nightcreditsbutton.png */; };
		94BDFF4A196B745100723965 /* nightratebutton.png in Resources */ = {isa = PBXBuildFile; fileRef = 94BDFF46196B745100723965 /* nightratebutton.png */; };
		94BDFF4B196B745100723965 /* settingsicon.png in Resources */ = {isa = PBXBuildFile; fileRef = 94BDFF47196B745100723965 /* settingsicon.png */; };
		94BDFF4C196B745100723965 /* settingsnighticon.png in Resources */ = {isa = PBXBuildFile; fileRef = 94BDFF48196B745100723965 /* settingsnighticon.png */; };
		94C7FEAB194E3CDF00270AE8 /* main.m in Sources */ = {isa = PBXBuildFile; fileRef = 94C7FEAA194E3CDF00270AE8 /* main.m */; };
		94C7FEAE194E3CDF00270AE8 /* AppDelegate.m in Sources */ = {isa = PBXBuildFile; fileRef = 94C7FEAD194E3CDF00270AE8 /* AppDelegate.m */; };
		94C7FEB1194E3CDF00270AE8 /* Bounce_ball.xcdatamodeld in Sources */ = {isa = PBXBuildFile; fileRef = 94C7FEAF194E3CDF00270AE8 /* Bounce_ball.xcdatamodeld */; };
		94C7FEB4194E3CDF00270AE8 /* ViewController.m in Sources */ = {isa = PBXBuildFile; fileRef = 94C7FEB3194E3CDF00270AE8 /* ViewController.m */; };
		94C7FEB7194E3CDF00270AE8 /* Main.storyboard in Resources */ = {isa = PBXBuildFile; fileRef = 94C7FEB5194E3CDF00270AE8 /* Main.storyboard */; };
		94C7FEC5194E3CDF00270AE8 /* Bounce_ballTests.m in Sources */ = {isa = PBXBuildFile; fileRef = 94C7FEC4194E3CDF00270AE8 /* Bounce_ballTests.m */; };
		94C7FECF194E3DE600270AE8 /* SpriteKit.framework in Frameworks */ = {isa = PBXBuildFile; fileRef = 94C7FECE194E3DE600270AE8 /* SpriteKit.framework */; };
		94C9B6BA1979AC9F00AE4BF2 /* nightquote1.png in Resources */ = {isa = PBXBuildFile; fileRef = 94C9B6B61979AC9F00AE4BF2 /* nightquote1.png */; };
		94C9B6BB1979AC9F00AE4BF2 /* nightquote2.png in Resources */ = {isa = PBXBuildFile; fileRef = 94C9B6B71979AC9F00AE4BF2 /* nightquote2.png */; };
		94C9B6BC1979AC9F00AE4BF2 /* normalquote1.png in Resources */ = {isa = PBXBuildFile; fileRef = 94C9B6B81979AC9F00AE4BF2 /* normalquote1.png */; };
		94C9B6BD1979AC9F00AE4BF2 /* normalquote2.png in Resources */ = {isa = PBXBuildFile; fileRef = 94C9B6B91979AC9F00AE4BF2 /* normalquote2.png */; };
		94D31A48197236FE006E21C2 /* Normal.m in Sources */ = {isa = PBXBuildFile; fileRef = 94D31A47197236FE006E21C2 /* Normal.m */; };
		94D31A4B1972390C006E21C2 /* nighttoggleon.png in Resources */ = {isa = PBXBuildFile; fileRef = 94D31A491972390C006E21C2 /* nighttoggleon.png */; };
		94D31A4C1972390C006E21C2 /* nighttoggleoff.png in Resources */ = {isa = PBXBuildFile; fileRef = 94D31A4A1972390C006E21C2 /* nighttoggleoff.png */; };
		94D31A511972483E006E21C2 /* strategymodebutton.png in Resources */ = {isa = PBXBuildFile; fileRef = 94D31A4D1972483E006E21C2 /* strategymodebutton.png */; };
		94D31A521972483E006E21C2 /* strategyplaybutton.png in Resources */ = {isa = PBXBuildFile; fileRef = 94D31A4E1972483E006E21C2 /* strategyplaybutton.png */; };
		94D31A531972483E006E21C2 /* strategyproceed.png in Resources */ = {isa = PBXBuildFile; fileRef = 94D31A4F1972483E006E21C2 /* strategyproceed.png */; };
		94D31A541972483E006E21C2 /* strategytitle.png in Resources */ = {isa = PBXBuildFile; fileRef = 94D31A501972483E006E21C2 /* strategytitle.png */; };
		94D31A571972C392006E21C2 /* iAd.framework in Frameworks */ = {isa = PBXBuildFile; fileRef = 94D31A561972C392006E21C2 /* iAd.framework */; };
		94E19B93196C8F4600893DEE /* Media.xcassets in Resources */ = {isa = PBXBuildFile; fileRef = 94E19B92196C8F4600893DEE /* Media.xcassets */; };
		94E19B96196C93C600893DEE /* Credits.m in Sources */ = {isa = PBXBuildFile; fileRef = 94E19B95196C93C600893DEE /* Credits.m */; };
		94E19B98196C955200893DEE /* Prototype.ttf in Resources */ = {isa = PBXBuildFile; fileRef = 94E19B97196C955200893DEE /* Prototype.ttf */; };
		94E19B9B196C977100893DEE /* nightcredits.png in Resources */ = {isa = PBXBuildFile; fileRef = 94E19B99196C977100893DEE /* nightcredits.png */; };
		94E19B9C196C977200893DEE /* normalcredits.png in Resources */ = {isa = PBXBuildFile; fileRef = 94E19B9A196C977100893DEE /* normalcredits.png */; };
		94F843DD196E4EF100461256 /* MessageUI.framework in Frameworks */ = {isa = PBXBuildFile; fileRef = 94F843DC196E4EF100461256 /* MessageUI.framework */; };
/* End PBXBuildFile section */

/* Begin PBXContainerItemProxy section */
		94C7FEBF194E3CDF00270AE8 /* PBXContainerItemProxy */ = {
			isa = PBXContainerItemProxy;
			containerPortal = 94C7FE9D194E3CDF00270AE8 /* Project object */;
			proxyType = 1;
			remoteGlobalIDString = 94C7FEA4194E3CDF00270AE8;
			remoteInfo = "Bounce ball";
		};
/* End PBXContainerItemProxy section */

/* Begin PBXFileReference section */
		940062991963C40300B5D811 /* normalgo.png */ = {isa = PBXFileReference; lastKnownFileType = image.png; name = normalgo.png; path = ../normalgo.png; sourceTree = "<group>"; };
		9400629B1964AE0700B5D811 /* normalproceed.png */ = {isa = PBXFileReference; lastKnownFileType = image.png; name = normalproceed.png; path = ../normalproceed.png; sourceTree = "<group>"; };
		940339DA195F755600FD9516 /* normalselection.png */ = {isa = PBXFileReference; lastKnownFileType = image.png; name = normalselection.png; path = ../../normalselection.png; sourceTree = "<group>"; };
		940339E0195F78B300FD9516 /* StoreKit.framework */ = {isa = PBXFileReference; lastKnownFileType = wrapper.framework; name = StoreKit.framework; path = System/Library/Frameworks/StoreKit.framework; sourceTree = SDKROOT; };
		940339E2195F864200FD9516 /* nightbackground.png */ = {isa = PBXFileReference; lastKnownFileType = image.png; name = nightbackground.png; path = ../../../../../Downloads/Inside_The_Box/Night_Mode/nightbackground.png; sourceTree = "<group>"; };
		940339E6195F892C00FD9516 /* nightball.png */ = {isa = PBXFileReference; lastKnownFileType = image.png; name = nightball.png; path = ../../../../../Downloads/Inside_The_Box/Night_Mode/nightball.png; sourceTree = "<group>"; };
		940339E819609C1B00FD9516 /* nightback.png */ = {isa = PBXFileReference; lastKnownFileType = image.png; name = nightback.png; path = ../nightback.png; sourceTree = "<group>"; };
		940339E919609C1B00FD9516 /* normalback.png */ = {isa = PBXFileReference; lastKnownFileType = image.png; name = normalback.png; path = ../normalback.png; sourceTree = "<group>"; };
		940339ED1960DA0400FD9516 /* AppIcon29x29.png */ = {isa = PBXFileReference; lastKnownFileType = image.png; path = AppIcon29x29.png; sourceTree = "<group>"; };
		940339EE1960DA0400FD9516 /* AppIcon29x29@2x.png */ = {isa = PBXFileReference; lastKnownFileType = image.png; path = "AppIcon29x29@2x.png"; sourceTree = "<group>"; };
		940339EF1960DA0400FD9516 /* AppIcon40x40.png */ = {isa = PBXFileReference; lastKnownFileType = image.png; path = AppIcon40x40.png; sourceTree = "<group>"; };
		940339F01960DA0400FD9516 /* AppIcon40x40@2x.png */ = {isa = PBXFileReference; lastKnownFileType = image.png; path = "AppIcon40x40@2x.png"; sourceTree = "<group>"; };
		940339F11960DA0400FD9516 /* AppIcon50x50.png */ = {isa = PBXFileReference; lastKnownFileType = image.png; path = AppIcon50x50.png; sourceTree = "<group>"; };
		940339F21960DA0400FD9516 /* AppIcon50x50@2x.png */ = {isa = PBXFileReference; lastKnownFileType = image.png; path = "AppIcon50x50@2x.png"; sourceTree = "<group>"; };
		940339F31960DA0400FD9516 /* AppIcon57x57.png */ = {isa = PBXFileReference; lastKnownFileType = image.png; path = AppIcon57x57.png; sourceTree = "<group>"; };
		940339F41960DA0400FD9516 /* AppIcon57x57@2x.png */ = {isa = PBXFileReference; lastKnownFileType = image.png; path = "AppIcon57x57@2x.png"; sourceTree = "<group>"; };
		940339F51960DA0400FD9516 /* AppIcon60x60.png */ = {isa = PBXFileReference; lastKnownFileType = image.png; path = AppIcon60x60.png; sourceTree = "<group>"; };
		940339F61960DA0400FD9516 /* AppIcon60x60@2x.png */ = {isa = PBXFileReference; lastKnownFileType = image.png; path = "AppIcon60x60@2x.png"; sourceTree = "<group>"; };
		940339F71960DA0400FD9516 /* AppIcon72x72.png */ = {isa = PBXFileReference; lastKnownFileType = image.png; path = AppIcon72x72.png; sourceTree = "<group>"; };
		940339F81960DA0400FD9516 /* AppIcon72x72@2x.png */ = {isa = PBXFileReference; lastKnownFileType = image.png; path = "AppIcon72x72@2x.png"; sourceTree = "<group>"; };
		940339F91960DA0400FD9516 /* AppIcon76x76.png */ = {isa = PBXFileReference; lastKnownFileType = image.png; path = AppIcon76x76.png; sourceTree = "<group>"; };
		940339FA1960DA0400FD9516 /* AppIcon76x76@2x.png */ = {isa = PBXFileReference; lastKnownFileType = image.png; path = "AppIcon76x76@2x.png"; sourceTree = "<group>"; };
		940339FB1960DA0400FD9516 /* iTunesArtwork.png */ = {isa = PBXFileReference; lastKnownFileType = image.png; path = iTunesArtwork.png; sourceTree = "<group>"; };
		940339FC1960DA0400FD9516 /* iTunesArtwork@2x.png */ = {isa = PBXFileReference; lastKnownFileType = image.png; path = "iTunesArtwork@2x.png"; sourceTree = "<group>"; };
		94033A12196205D200FD9516 /* NormalStrategic.h */ = {isa = PBXFileReference; fileEncoding = 4; lastKnownFileType = sourcecode.c.h; path = NormalStrategic.h; sourceTree = "<group>"; };
		94033A13196205D200FD9516 /* NormalStrategic.m */ = {isa = PBXFileReference; fileEncoding = 4; lastKnownFileType = sourcecode.c.objc; path = NormalStrategic.m; sourceTree = "<group>"; };
		94033A1519634EE200FD9516 /* flickering_noise.mp3 */ = {isa = PBXFileReference; lastKnownFileType = audio.mp3; path = flickering_noise.mp3; sourceTree = "<group>"; };
		94033A1919634EE200FD9516 /* normalcreditsbutton.png */ = {isa = PBXFileReference; lastKnownFileType = image.png; name = normalcreditsbutton.png; path = ../normalcreditsbutton.png; sourceTree = "<group>"; };
		94033A1A19634EE200FD9516 /* normalratebutton.png */ = {isa = PBXFileReference; lastKnownFileType = image.png; name = normalratebutton.png; path = ../normalratebutton.png; sourceTree = "<group>"; };
		94033A1C19634EE200FD9516 /* toggle_sound.mp3 */ = {isa = PBXFileReference; lastKnownFileType = audio.mp3; path = toggle_sound.mp3; sourceTree = "<group>"; };
		94141A0C197DC95A00AC8FCB /* nightfeedbackbutton.png */ = {isa = PBXFileReference; lastKnownFileType = image.png; name = nightfeedbackbutton.png; path = ../nightfeedbackbutton.png; sourceTree = "<group>"; };
		94141A0D197DC95A00AC8FCB /* normalfeedbackbutton.png */ = {isa = PBXFileReference; lastKnownFileType = image.png; name = normalfeedbackbutton.png; path = ../normalfeedbackbutton.png; sourceTree = "<group>"; };
		94141A0E197DC95A00AC8FCB /* strategyfeedbackbutton.png */ = {isa = PBXFileReference; lastKnownFileType = image.png; path = strategyfeedbackbutton.png; sourceTree = "<group>"; };
		94141A12197DC97400AC8FCB /* strategyselection.png */ = {isa = PBXFileReference; lastKnownFileType = image.png; path = strategyselection.png; sourceTree = "<group>"; };
		94792A901958EBCF004A6404 /* Splashscreen.h */ = {isa = PBXFileReference; fileEncoding = 4; lastKnownFileType = sourcecode.c.h; path = Splashscreen.h; sourceTree = "<group>"; };
		94792A911958EBCF004A6404 /* Splashscreen.m */ = {isa = PBXFileReference; fileEncoding = 4; lastKnownFileType = sourcecode.c.objc; path = Splashscreen.m; sourceTree = "<group>"; };
		94792A931958EBDC004A6404 /* ModeSelect.h */ = {isa = PBXFileReference; fileEncoding = 4; lastKnownFileType = sourcecode.c.h; path = ModeSelect.h; sourceTree = "<group>"; };
		94792A941958EBDC004A6404 /* ModeSelect.m */ = {isa = PBXFileReference; fileEncoding = 4; lastKnownFileType = sourcecode.c.objc; path = ModeSelect.m; sourceTree = "<group>"; };
		94792A991958EC02004A6404 /* nightmodetitle.png */ = {isa = PBXFileReference; lastKnownFileType = image.png; path = nightmodetitle.png; sourceTree = "<group>"; };
		94792A9B1958EC02004A6404 /* normalmodetitle.png */ = {isa = PBXFileReference; lastKnownFileType = image.png; path = normalmodetitle.png; sourceTree = "<group>"; };
		94792A9D1958EC02004A6404 /* gamcentericon.png */ = {isa = PBXFileReference; lastKnownFileType = image.png; name = gamcentericon.png; path = ../Night_Mode/gamcentericon.png; sourceTree = "<group>"; };
		94792A9F1958EC02004A6404 /* nightbackgroundplain.png */ = {isa = PBXFileReference; lastKnownFileType = image.png; path = nightbackgroundplain.png; sourceTree = "<group>"; };
		94792AA01958EC02004A6404 /* nightmodebutton.png */ = {isa = PBXFileReference; lastKnownFileType = image.png; path = nightmodebutton.png; sourceTree = "<group>"; };
		94792AA11958EC02004A6404 /* nightplaybutton.png */ = {isa = PBXFileReference; lastKnownFileType = image.png; path = nightplaybutton.png; sourceTree = "<group>"; };
		94792AA21958EC02004A6404 /* nightsettings.png */ = {isa = PBXFileReference; lastKnownFileType = image.png; path = nightsettings.png; sourceTree = "<group>"; };
		94792AA31958EC02004A6404 /* nighttitle.png */ = {isa = PBXFileReference; lastKnownFileType = image.png; path = nighttitle.png; sourceTree = "<group>"; };
		94792AA61958EC02004A6404 /* normalbackground.png */ = {isa = PBXFileReference; lastKnownFileType = image.png; name = normalbackground.png; path = ../Normal_Mode/normalbackground.png; sourceTree = "<group>"; };
		94792AA71958EC02004A6404 /* normalmodebutton.png */ = {isa = PBXFileReference; lastKnownFileType = image.png; name = normalmodebutton.png; path = ../Normal_Mode/normalmodebutton.png; sourceTree = "<group>"; };
		94792AA81958EC02004A6404 /* normalplaybutton.png */ = {isa = PBXFileReference; lastKnownFileType = image.png; name = normalplaybutton.png; path = ../Normal_Mode/normalplaybutton.png; sourceTree = "<group>"; };
		94792AA91958EC02004A6404 /* normalsettings.png */ = {isa = PBXFileReference; lastKnownFileType = image.png; name = normalsettings.png; path = ../Normal_Mode/normalsettings.png; sourceTree = "<group>"; };
		94792AAA1958EC02004A6404 /* normaltitle.png */ = {isa = PBXFileReference; lastKnownFileType = image.png; name = normaltitle.png; path = ../Normal_Mode/normaltitle.png; sourceTree = "<group>"; };
		94792AAC1958EC02004A6404 /* glassoverlay.png */ = {isa = PBXFileReference; lastKnownFileType = image.png; name = glassoverlay.png; path = ../Other_Images/glassoverlay.png; sourceTree = "<group>"; };
		94792AC81958F7C9004A6404 /* normalball.png */ = {isa = PBXFileReference; lastKnownFileType = image.png; name = normalball.png; path = ../normalball.png; sourceTree = "<group>"; };
		94792ACA1958FA17004A6404 /* QuartzCore.framework */ = {isa = PBXFileReference; lastKnownFileType = wrapper.framework; name = QuartzCore.framework; path = System/Library/Frameworks/QuartzCore.framework; sourceTree = SDKROOT; };
		94792ACC195B6FEA004A6404 /* iPad2iPadmini.png */ = {isa = PBXFileReference; lastKnownFileType = image.png; name = iPad2iPadmini.png; path = ../iPad2iPadmini.png; sourceTree = "<group>"; };
		94792ACD195B6FEA004A6404 /* iPadiPadmini.png */ = {isa = PBXFileReference; lastKnownFileType = image.png; name = iPadiPadmini.png; path = ../iPadiPadmini.png; sourceTree = "<group>"; };
		94792ACE195B6FEA004A6404 /* iPodiPhone4.png */ = {isa = PBXFileReference; lastKnownFileType = image.png; name = iPodiPhone4.png; path = ../iPodiPhone4.png; sourceTree = "<group>"; };
		94792ACF195B6FEA004A6404 /* iPodiPhone5.png */ = {isa = PBXFileReference; lastKnownFileType = image.png; name = iPodiPhone5.png; path = ../iPodiPhone5.png; sourceTree = "<group>"; };
		94792AD8195B7218004A6404 /* Settings.h */ = {isa = PBXFileReference; fileEncoding = 4; lastKnownFileType = sourcecode.c.h; path = Settings.h; sourceTree = "<group>"; };
		94792AD9195B7218004A6404 /* Settings.m */ = {isa = PBXFileReference; fileEncoding = 4; lastKnownFileType = sourcecode.c.objc; path = Settings.m; sourceTree = "<group>"; };
		94792ADB195BAA16004A6404 /* GameKit.framework */ = {isa = PBXFileReference; lastKnownFileType = wrapper.framework; name = GameKit.framework; path = System/Library/Frameworks/GameKit.framework; sourceTree = SDKROOT; };
		94792ADD195CDE23004A6404 /* AudioToolbox.framework */ = {isa = PBXFileReference; lastKnownFileType = wrapper.framework; name = AudioToolbox.framework; path = System/Library/Frameworks/AudioToolbox.framework; sourceTree = SDKROOT; };
		94792ADF195CDFB2004A6404 /* break.mp3 */ = {isa = PBXFileReference; lastKnownFileType = audio.mp3; path = break.mp3; sourceTree = "<group>"; };
		947A9F5319589907006AE1C9 /* Menu.h */ = {isa = PBXFileReference; fileEncoding = 4; lastKnownFileType = sourcecode.c.h; path = Menu.h; sourceTree = "<group>"; };
		947A9F5419589907006AE1C9 /* Menu.m */ = {isa = PBXFileReference; fileEncoding = 4; lastKnownFileType = sourcecode.c.objc; path = Menu.m; sourceTree = "<group>"; };
		94BDFF45196B745100723965 /* nightcreditsbutton.png */ = {isa = PBXFileReference; lastKnownFileType = image.png; name = nightcreditsbutton.png; path = ../nightcreditsbutton.png; sourceTree = "<group>"; };
		94BDFF46196B745100723965 /* nightratebutton.png */ = {isa = PBXFileReference; lastKnownFileType = image.png; name = nightratebutton.png; path = ../nightratebutton.png; sourceTree = "<group>"; };
		94BDFF47196B745100723965 /* settingsicon.png */ = {isa = PBXFileReference; lastKnownFileType = image.png; name = settingsicon.png; path = ../settingsicon.png; sourceTree = "<group>"; };
		94BDFF48196B745100723965 /* settingsnighticon.png */ = {isa = PBXFileReference; lastKnownFileType = image.png; name = settingsnighticon.png; path = ../settingsnighticon.png; sourceTree = "<group>"; };
		94C7FEA5194E3CDF00270AE8 /* Bounce ball.app */ = {isa = PBXFileReference; explicitFileType = wrapper.application; includeInIndex = 0; path = "Bounce ball.app"; sourceTree = BUILT_PRODUCTS_DIR; };
		94C7FEA9194E3CDF00270AE8 /* Info.plist */ = {isa = PBXFileReference; lastKnownFileType = text.plist.xml; path = Info.plist; sourceTree = "<group>"; };
		94C7FEAA194E3CDF00270AE8 /* main.m */ = {isa = PBXFileReference; lastKnownFileType = sourcecode.c.objc; path = main.m; sourceTree = "<group>"; };
		94C7FEAC194E3CDF00270AE8 /* AppDelegate.h */ = {isa = PBXFileReference; lastKnownFileType = sourcecode.c.h; path = AppDelegate.h; sourceTree = "<group>"; };
		94C7FEAD194E3CDF00270AE8 /* AppDelegate.m */ = {isa = PBXFileReference; lastKnownFileType = sourcecode.c.objc; path = AppDelegate.m; sourceTree = "<group>"; };
		94C7FEB0194E3CDF00270AE8 /* Bounce_ball.xcdatamodel */ = {isa = PBXFileReference; lastKnownFileType = wrapper.xcdatamodel; path = Bounce_ball.xcdatamodel; sourceTree = "<group>"; };
		94C7FEB2194E3CDF00270AE8 /* ViewController.h */ = {isa = PBXFileReference; lastKnownFileType = sourcecode.c.h; path = ViewController.h; sourceTree = "<group>"; };
		94C7FEB3194E3CDF00270AE8 /* ViewController.m */ = {isa = PBXFileReference; lastKnownFileType = sourcecode.c.objc; path = ViewController.m; sourceTree = "<group>"; };
		94C7FEB6194E3CDF00270AE8 /* Base */ = {isa = PBXFileReference; lastKnownFileType = file.storyboard; name = Base; path = Base.lproj/Main.storyboard; sourceTree = "<group>"; };
		94C7FEBE194E3CDF00270AE8 /* Bounce ballTests.xctest */ = {isa = PBXFileReference; explicitFileType = wrapper.cfbundle; includeInIndex = 0; path = "Bounce ballTests.xctest"; sourceTree = BUILT_PRODUCTS_DIR; };
		94C7FEC3194E3CDF00270AE8 /* Info.plist */ = {isa = PBXFileReference; lastKnownFileType = text.plist.xml; path = Info.plist; sourceTree = "<group>"; };
		94C7FEC4194E3CDF00270AE8 /* Bounce_ballTests.m */ = {isa = PBXFileReference; lastKnownFileType = sourcecode.c.objc; path = Bounce_ballTests.m; sourceTree = "<group>"; };
		94C7FECE194E3DE600270AE8 /* SpriteKit.framework */ = {isa = PBXFileReference; lastKnownFileType = wrapper.framework; name = SpriteKit.framework; path = System/Library/Frameworks/SpriteKit.framework; sourceTree = SDKROOT; };
		94C9B6B61979AC9F00AE4BF2 /* nightquote1.png */ = {isa = PBXFileReference; lastKnownFileType = image.png; path = nightquote1.png; sourceTree = "<group>"; };
		94C9B6B71979AC9F00AE4BF2 /* nightquote2.png */ = {isa = PBXFileReference; lastKnownFileType = image.png; path = nightquote2.png; sourceTree = "<group>"; };
		94C9B6B81979AC9F00AE4BF2 /* normalquote1.png */ = {isa = PBXFileReference; lastKnownFileType = image.png; path = normalquote1.png; sourceTree = "<group>"; };
		94C9B6B91979AC9F00AE4BF2 /* normalquote2.png */ = {isa = PBXFileReference; lastKnownFileType = image.png; path = normalquote2.png; sourceTree = "<group>"; };
		94D31A46197236FE006E21C2 /* Normal.h */ = {isa = PBXFileReference; fileEncoding = 4; lastKnownFileType = sourcecode.c.h; path = Normal.h; sourceTree = "<group>"; };
		94D31A47197236FE006E21C2 /* Normal.m */ = {isa = PBXFileReference; fileEncoding = 4; lastKnownFileType = sourcecode.c.objc; path = Normal.m; sourceTree = "<group>"; };
		94D31A491972390C006E21C2 /* nighttoggleon.png */ = {isa = PBXFileReference; lastKnownFileType = image.png; path = nighttoggleon.png; sourceTree = "<group>"; };
		94D31A4A1972390C006E21C2 /* nighttoggleoff.png */ = {isa = PBXFileReference; lastKnownFileType = image.png; path = nighttoggleoff.png; sourceTree = "<group>"; };
		94D31A4D1972483E006E21C2 /* strategymodebutton.png */ = {isa = PBXFileReference; lastKnownFileType = image.png; path = strategymodebutton.png; sourceTree = "<group>"; };
		94D31A4E1972483E006E21C2 /* strategyplaybutton.png */ = {isa = PBXFileReference; lastKnownFileType = image.png; path = strategyplaybutton.png; sourceTree = "<group>"; };
		94D31A4F1972483E006E21C2 /* strategyproceed.png */ = {isa = PBXFileReference; lastKnownFileType = image.png; name = strategyproceed.png; path = ../strategyproceed.png; sourceTree = "<group>"; };
		94D31A501972483E006E21C2 /* strategytitle.png */ = {isa = PBXFileReference; lastKnownFileType = image.png; path = strategytitle.png; sourceTree = "<group>"; };
		94D31A561972C392006E21C2 /* iAd.framework */ = {isa = PBXFileReference; lastKnownFileType = wrapper.framework; name = iAd.framework; path = System/Library/Frameworks/iAd.framework; sourceTree = SDKROOT; };
		94E19B92196C8F4600893DEE /* Media.xcassets */ = {isa = PBXFileReference; lastKnownFileType = folder.assetcatalog; name = Media.xcassets; path = ../Media.xcassets; sourceTree = "<group>"; };
		94E19B94196C93C600893DEE /* Credits.h */ = {isa = PBXFileReference; fileEncoding = 4; lastKnownFileType = sourcecode.c.h; path = Credits.h; sourceTree = "<group>"; };
		94E19B95196C93C600893DEE /* Credits.m */ = {isa = PBXFileReference; fileEncoding = 4; lastKnownFileType = sourcecode.c.objc; path = Credits.m; sourceTree = "<group>"; };
		94E19B97196C955200893DEE /* Prototype.ttf */ = {isa = PBXFileReference; lastKnownFileType = file; path = Prototype.ttf; sourceTree = "<group>"; };
		94E19B99196C977100893DEE /* nightcredits.png */ = {isa = PBXFileReference; lastKnownFileType = image.png; name = nightcredits.png; path = ../nightcredits.png; sourceTree = "<group>"; };
		94E19B9A196C977100893DEE /* normalcredits.png */ = {isa = PBXFileReference; lastKnownFileType = image.png; name = normalcredits.png; path = ../normalcredits.png; sourceTree = "<group>"; };
		94F843DC196E4EF100461256 /* MessageUI.framework */ = {isa = PBXFileReference; lastKnownFileType = wrapper.framework; name = MessageUI.framework; path = System/Library/Frameworks/MessageUI.framework; sourceTree = SDKROOT; };
/* End PBXFileReference section */

/* Begin PBXFrameworksBuildPhase section */
		94C7FEA2194E3CDF00270AE8 /* Frameworks */ = {
			isa = PBXFrameworksBuildPhase;
			buildActionMask = 2147483647;
			files = (
				94D31A571972C392006E21C2 /* iAd.framework in Frameworks */,
				94F843DD196E4EF100461256 /* MessageUI.framework in Frameworks */,
				940339E1195F78B300FD9516 /* StoreKit.framework in Frameworks */,
				94792ADE195CDE23004A6404 /* AudioToolbox.framework in Frameworks */,
				94792ADC195BAA16004A6404 /* GameKit.framework in Frameworks */,
				94792ACB1958FA17004A6404 /* QuartzCore.framework in Frameworks */,
				94C7FECF194E3DE600270AE8 /* SpriteKit.framework in Frameworks */,
			);
			runOnlyForDeploymentPostprocessing = 0;
		};
		94C7FEBB194E3CDF00270AE8 /* Frameworks */ = {
			isa = PBXFrameworksBuildPhase;
			buildActionMask = 2147483647;
			files = (
			);
			runOnlyForDeploymentPostprocessing = 0;
		};
/* End PBXFrameworksBuildPhase section */

/* Begin PBXGroup section */
		940339DF195F789900FD9516 /* Gameplay Scenes */ = {
			isa = PBXGroup;
			children = (
				94033A11196205B700FD9516 /* Normal Gameplay Scenes */,
				94033A10196205A500FD9516 /* Strategic Gameplay */,
			);
			name = "Gameplay Scenes";
			sourceTree = "<group>";
		};
		940339EC1960DA0400FD9516 /* App Icons */ = {
			isa = PBXGroup;
			children = (
				940339ED1960DA0400FD9516 /* AppIcon29x29.png */,
				940339EE1960DA0400FD9516 /* AppIcon29x29@2x.png */,
				940339EF1960DA0400FD9516 /* AppIcon40x40.png */,
				940339F01960DA0400FD9516 /* AppIcon40x40@2x.png */,
				940339F11960DA0400FD9516 /* AppIcon50x50.png */,
				940339F21960DA0400FD9516 /* AppIcon50x50@2x.png */,
				940339F31960DA0400FD9516 /* AppIcon57x57.png */,
				940339F41960DA0400FD9516 /* AppIcon57x57@2x.png */,
				940339F51960DA0400FD9516 /* AppIcon60x60.png */,
				940339F61960DA0400FD9516 /* AppIcon60x60@2x.png */,
				940339F71960DA0400FD9516 /* AppIcon72x72.png */,
				940339F81960DA0400FD9516 /* AppIcon72x72@2x.png */,
				940339F91960DA0400FD9516 /* AppIcon76x76.png */,
				940339FA1960DA0400FD9516 /* AppIcon76x76@2x.png */,
				940339FB1960DA0400FD9516 /* iTunesArtwork.png */,
				940339FC1960DA0400FD9516 /* iTunesArtwork@2x.png */,
			);
			name = "App Icons";
			path = "App Icon [Squared]";
			sourceTree = "<group>";
		};
		94033A10196205A500FD9516 /* Strategic Gameplay */ = {
			isa = PBXGroup;
			children = (
				94033A12196205D200FD9516 /* NormalStrategic.h */,
				94033A13196205D200FD9516 /* NormalStrategic.m */,
			);
			name = "Strategic Gameplay";
			sourceTree = "<group>";
		};
		94033A11196205B700FD9516 /* Normal Gameplay Scenes */ = {
			isa = PBXGroup;
			children = (
				94D31A46197236FE006E21C2 /* Normal.h */,
				94D31A47197236FE006E21C2 /* Normal.m */,
			);
			name = "Normal Gameplay Scenes";
			sourceTree = "<group>";
		};
		94033A2519634F1000FD9516 /* Strategy Images */ = {
			isa = PBXGroup;
			children = (
				94141A0E197DC95A00AC8FCB /* strategyfeedbackbutton.png */,
				94D31A4D1972483E006E21C2 /* strategymodebutton.png */,
				94D31A4E1972483E006E21C2 /* strategyplaybutton.png */,
				94D31A501972483E006E21C2 /* strategytitle.png */,
			);
			name = "Strategy Images";
			path = ..;
			sourceTree = "<group>";
		};
		94033A2619634F1F00FD9516 /* Sound Effects */ = {
			isa = PBXGroup;
			children = (
				94033A1519634EE200FD9516 /* flickering_noise.mp3 */,
				94033A1C19634EE200FD9516 /* toggle_sound.mp3 */,
				94792ADF195CDFB2004A6404 /* break.mp3 */,
			);
			name = "Sound Effects";
			sourceTree = "<group>";
		};
		94792A961958EC02004A6404 /* UI Images */ = {
			isa = PBXGroup;
			children = (
				94141A12197DC97400AC8FCB /* strategyselection.png */,
				94792AAC1958EC02004A6404 /* glassoverlay.png */,
				940339DA195F755600FD9516 /* normalselection.png */,
				94792A9D1958EC02004A6404 /* gamcentericon.png */,
				94033A2519634F1000FD9516 /* Strategy Images */,
				949104731971C4B90070273A /* Night Images */,
				949104721971C4880070273A /* Normal Images */,
			);
			name = "UI Images";
			path = Mode_Selection;
			sourceTree = "<group>";
		};
		949104701971C4110070273A /* Splash Screen */ = {
			isa = PBXGroup;
			children = (
				94C9B6B61979AC9F00AE4BF2 /* nightquote1.png */,
				94C9B6B71979AC9F00AE4BF2 /* nightquote2.png */,
				94C9B6B81979AC9F00AE4BF2 /* normalquote1.png */,
				94C9B6B91979AC9F00AE4BF2 /* normalquote2.png */,
				94D31A4F1972483E006E21C2 /* strategyproceed.png */,
				9400629B1964AE0700B5D811 /* normalproceed.png */,
			);
			name = "Splash Screen";
			path = Other_Images;
			sourceTree = "<group>";
		};
		949104711971C4220070273A /* Launch Images */ = {
			isa = PBXGroup;
			children = (
				94792ACC195B6FEA004A6404 /* iPad2iPadmini.png */,
				94792ACD195B6FEA004A6404 /* iPadiPadmini.png */,
				94792ACF195B6FEA004A6404 /* iPodiPhone5.png */,
				94792ACE195B6FEA004A6404 /* iPodiPhone4.png */,
			);
			name = "Launch Images";
			path = "App Icon [Squared]";
			sourceTree = "<group>";
		};
		949104721971C4880070273A /* Normal Images */ = {
			isa = PBXGroup;
			children = (
				94141A0D197DC95A00AC8FCB /* normalfeedbackbutton.png */,
				940062991963C40300B5D811 /* normalgo.png */,
				94792AC81958F7C9004A6404 /* normalball.png */,
				94792AA61958EC02004A6404 /* normalbackground.png */,
				94BDFF47196B745100723965 /* settingsicon.png */,
				94E19B9A196C977100893DEE /* normalcredits.png */,
				94033A1919634EE200FD9516 /* normalcreditsbutton.png */,
				94033A1A19634EE200FD9516 /* normalratebutton.png */,
				94792AA71958EC02004A6404 /* normalmodebutton.png */,
				94792AA81958EC02004A6404 /* normalplaybutton.png */,
				94792AA91958EC02004A6404 /* normalsettings.png */,
				94792AAA1958EC02004A6404 /* normaltitle.png */,
				94792A991958EC02004A6404 /* nightmodetitle.png */,
				940339E919609C1B00FD9516 /* normalback.png */,
				94792A9B1958EC02004A6404 /* normalmodetitle.png */,
			);
			name = "Normal Images";
			sourceTree = "<group>";
		};
		949104731971C4B90070273A /* Night Images */ = {
			isa = PBXGroup;
			children = (
				94141A0C197DC95A00AC8FCB /* nightfeedbackbutton.png */,
				94D31A491972390C006E21C2 /* nighttoggleon.png */,
				94D31A4A1972390C006E21C2 /* nighttoggleoff.png */,
				940339E2195F864200FD9516 /* nightbackground.png */,
				940339E6195F892C00FD9516 /* nightball.png */,
				94BDFF45196B745100723965 /* nightcreditsbutton.png */,
				94BDFF46196B745100723965 /* nightratebutton.png */,
				94BDFF48196B745100723965 /* settingsnighticon.png */,
				94792A9F1958EC02004A6404 /* nightbackgroundplain.png */,
				94E19B99196C977100893DEE /* nightcredits.png */,
				940339E819609C1B00FD9516 /* nightback.png */,
				94792AA01958EC02004A6404 /* nightmodebutton.png */,
				94792AA11958EC02004A6404 /* nightplaybutton.png */,
				94792AA21958EC02004A6404 /* nightsettings.png */,
				94792AA31958EC02004A6404 /* nighttitle.png */,
			);
			name = "Night Images";
			path = ../Night_Mode;
			sourceTree = "<group>";
		};
		94C7FE9C194E3CDF00270AE8 = {
			isa = PBXGroup;
			children = (
				94D31A5519724EA2006E21C2 /* Frameworks */,
				94C7FEA7194E3CDF00270AE8 /* Bounce ball */,
				94C7FEC1194E3CDF00270AE8 /* Bounce ballTests */,
				94C7FEA6194E3CDF00270AE8 /* Products */,
			);
			sourceTree = "<group>";
		};
		94C7FEA6194E3CDF00270AE8 /* Products */ = {
			isa = PBXGroup;
			children = (
				94C7FEA5194E3CDF00270AE8 /* Bounce ball.app */,
				94C7FEBE194E3CDF00270AE8 /* Bounce ballTests.xctest */,
			);
			name = Products;
			sourceTree = "<group>";
		};
		94C7FEA7194E3CDF00270AE8 /* Bounce ball */ = {
			isa = PBXGroup;
			children = (
				94C7FEAC194E3CDF00270AE8 /* AppDelegate.h */,
				94C7FEAD194E3CDF00270AE8 /* AppDelegate.m */,
				94C7FEB2194E3CDF00270AE8 /* ViewController.h */,
				94C7FEB3194E3CDF00270AE8 /* ViewController.m */,
				94C7FEB5194E3CDF00270AE8 /* Main.storyboard */,
				94E19B94196C93C600893DEE /* Credits.h */,
				94E19B95196C93C600893DEE /* Credits.m */,
				94792AD8195B7218004A6404 /* Settings.h */,
				94792AD9195B7218004A6404 /* Settings.m */,
				94792A901958EBCF004A6404 /* Splashscreen.h */,
				94792A911958EBCF004A6404 /* Splashscreen.m */,
				94792A931958EBDC004A6404 /* ModeSelect.h */,
				94792A941958EBDC004A6404 /* ModeSelect.m */,
				947A9F5319589907006AE1C9 /* Menu.h */,
				947A9F5419589907006AE1C9 /* Menu.m */,
				940339DF195F789900FD9516 /* Gameplay Scenes */,
				94C7FEAF194E3CDF00270AE8 /* Bounce_ball.xcdatamodeld */,
				94E19B92196C8F4600893DEE /* Media.xcassets */,
				94C7FEA8194E3CDF00270AE8 /* Supporting Files */,
			);
			path = "Bounce ball";
			sourceTree = "<group>";
		};
		94C7FEA8194E3CDF00270AE8 /* Supporting Files */ = {
			isa = PBXGroup;
			children = (
				94033A2619634F1F00FD9516 /* Sound Effects */,
				949104711971C4220070273A /* Launch Images */,
				940339EC1960DA0400FD9516 /* App Icons */,
				94792A961958EC02004A6404 /* UI Images */,
				949104701971C4110070273A /* Splash Screen */,
				94C7FEA9194E3CDF00270AE8 /* Info.plist */,
				94C7FEAA194E3CDF00270AE8 /* main.m */,
				94E19B97196C955200893DEE /* Prototype.ttf */,
			);
			name = "Supporting Files";
			sourceTree = "<group>";
		};
		94C7FEC1194E3CDF00270AE8 /* Bounce ballTests */ = {
			isa = PBXGroup;
			children = (
				94C7FEC4194E3CDF00270AE8 /* Bounce_ballTests.m */,
				94C7FEC2194E3CDF00270AE8 /* Supporting Files */,
			);
			path = "Bounce ballTests";
			sourceTree = "<group>";
		};
		94C7FEC2194E3CDF00270AE8 /* Supporting Files */ = {
			isa = PBXGroup;
			children = (
				94C7FEC3194E3CDF00270AE8 /* Info.plist */,
			);
			name = "Supporting Files";
			sourceTree = "<group>";
		};
		94D31A5519724EA2006E21C2 /* Frameworks */ = {
			isa = PBXGroup;
			children = (
				94D31A561972C392006E21C2 /* iAd.framework */,
				94F843DC196E4EF100461256 /* MessageUI.framework */,
				940339E0195F78B300FD9516 /* StoreKit.framework */,
				94792ADD195CDE23004A6404 /* AudioToolbox.framework */,
				94792ADB195BAA16004A6404 /* GameKit.framework */,
				94792ACA1958FA17004A6404 /* QuartzCore.framework */,
				94C7FECE194E3DE600270AE8 /* SpriteKit.framework */,
			);
			name = Frameworks;
			sourceTree = "<group>";
		};
/* End PBXGroup section */

/* Begin PBXNativeTarget section */
		94C7FEA4194E3CDF00270AE8 /* Bounce ball */ = {
			isa = PBXNativeTarget;
			buildConfigurationList = 94C7FEC8194E3CDF00270AE8 /* Build configuration list for PBXNativeTarget "Bounce ball" */;
			buildPhases = (
				94C7FEA1194E3CDF00270AE8 /* Sources */,
				94C7FEA2194E3CDF00270AE8 /* Frameworks */,
				94C7FEA3194E3CDF00270AE8 /* Resources */,
			);
			buildRules = (
			);
			dependencies = (
			);
			name = "Bounce ball";
			productName = "Bounce ball";
			productReference = 94C7FEA5194E3CDF00270AE8 /* Bounce ball.app */;
			productType = "com.apple.product-type.application";
		};
		94C7FEBD194E3CDF00270AE8 /* Bounce ballTests */ = {
			isa = PBXNativeTarget;
			buildConfigurationList = 94C7FECB194E3CDF00270AE8 /* Build configuration list for PBXNativeTarget "Bounce ballTests" */;
			buildPhases = (
				94C7FEBA194E3CDF00270AE8 /* Sources */,
				94C7FEBB194E3CDF00270AE8 /* Frameworks */,
				94C7FEBC194E3CDF00270AE8 /* Resources */,
			);
			buildRules = (
			);
			dependencies = (
				94C7FEC0194E3CDF00270AE8 /* PBXTargetDependency */,
			);
			name = "Bounce ballTests";
			productName = "Bounce ballTests";
			productReference = 94C7FEBE194E3CDF00270AE8 /* Bounce ballTests.xctest */;
			productType = "com.apple.product-type.bundle.unit-test";
		};
/* End PBXNativeTarget section */

/* Begin PBXProject section */
		94C7FE9D194E3CDF00270AE8 /* Project object */ = {
			isa = PBXProject;
			attributes = {
				LastUpgradeCheck = 0600;
				ORGANIZATIONNAME = "Rybel LLC";
				TargetAttributes = {
					94C7FEA4194E3CDF00270AE8 = {
						CreatedOnToolsVersion = 6.0;
						DevelopmentTeam = AL6H9GEC6N;
					};
					94C7FEBD194E3CDF00270AE8 = {
						CreatedOnToolsVersion = 6.0;
						TestTargetID = 94C7FEA4194E3CDF00270AE8;
					};
				};
			};
			buildConfigurationList = 94C7FEA0194E3CDF00270AE8 /* Build configuration list for PBXProject "Inside The Box" */;
			compatibilityVersion = "Xcode 3.2";
			developmentRegion = English;
			hasScannedForEncodings = 0;
			knownRegions = (
				en,
				Base,
			);
			mainGroup = 94C7FE9C194E3CDF00270AE8;
			productRefGroup = 94C7FEA6194E3CDF00270AE8 /* Products */;
			projectDirPath = "";
			projectRoot = "";
			targets = (
				94C7FEA4194E3CDF00270AE8 /* Bounce ball */,
				94C7FEBD194E3CDF00270AE8 /* Bounce ballTests */,
			);
		};
/* End PBXProject section */

/* Begin PBXResourcesBuildPhase section */
		94C7FEA3194E3CDF00270AE8 /* Resources */ = {
			isa = PBXResourcesBuildPhase;
			buildActionMask = 2147483647;
			files = (
				94792AD0195B6FEA004A6404 /* iPad2iPadmini.png in Resources */,
				94033A0C1960DA0400FD9516 /* iTunesArtwork@2x.png in Resources */,
				94BDFF4B196B745100723965 /* settingsicon.png in Resources */,
				94D31A521972483E006E21C2 /* strategyplaybutton.png in Resources */,
				94792ABF1958EC02004A6404 /* normalmodebutton.png in Resources */,
				94792AD3195B6FEA004A6404 /* iPodiPhone5.png in Resources */,
				94792AD1195B6FEA004A6404 /* iPadiPadmini.png in Resources */,
				94141A13197DC97400AC8FCB /* strategyselection.png in Resources */,
				94D31A4C1972390C006E21C2 /* nighttoggleoff.png in Resources */,
				94792AB31958EC02004A6404 /* nightmodetitle.png in Resources */,
				94033A071960DA0400FD9516 /* AppIcon72x72.png in Resources */,
				94033A021960DA0400FD9516 /* AppIcon50x50@2x.png in Resources */,
				94792AB61958EC02004A6404 /* gamcentericon.png in Resources */,
				94C7FEB7194E3CDF00270AE8 /* Main.storyboard in Resources */,
				94792AC31958EC02004A6404 /* glassoverlay.png in Resources */,
				94792AD2195B6FEA004A6404 /* iPodiPhone4.png in Resources */,
				94033A081960DA0400FD9516 /* AppIcon72x72@2x.png in Resources */,
				94033A2219634EE200FD9516 /* normalratebutton.png in Resources */,
				94033A2419634EE200FD9516 /* toggle_sound.mp3 in Resources */,
				94792AC11958EC02004A6404 /* normalsettings.png in Resources */,
				94792ABE1958EC02004A6404 /* normalbackground.png in Resources */,
				94792AB91958EC02004A6404 /* nightmodebutton.png in Resources */,
				94141A11197DC95A00AC8FCB /* strategyfeedbackbutton.png in Resources */,
				94033A091960DA0400FD9516 /* AppIcon76x76.png in Resources */,
				94033A031960DA0400FD9516 /* AppIcon57x57.png in Resources */,
				94D31A531972483E006E21C2 /* strategyproceed.png in Resources */,
				94C9B6BD1979AC9F00AE4BF2 /* normalquote2.png in Resources */,
				94D31A4B1972390C006E21C2 /* nighttoggleon.png in Resources */,
				94E19B98196C955200893DEE /* Prototype.ttf in Resources */,
				94033A011960DA0400FD9516 /* AppIcon50x50.png in Resources */,
				9400629A1963C40300B5D811 /* normalgo.png in Resources */,
				9400629C1964AE0700B5D811 /* normalproceed.png in Resources */,
				94792AB81958EC02004A6404 /* nightbackgroundplain.png in Resources */,
				94E19B9B196C977100893DEE /* nightcredits.png in Resources */,
				940339E3195F864200FD9516 /* nightbackground.png in Resources */,
				94E19B9C196C977200893DEE /* normalcredits.png in Resources */,
				940339EA19609C1B00FD9516 /* nightback.png in Resources */,
				94C9B6BC1979AC9F00AE4BF2 /* normalquote1.png in Resources */,
				94792ABB1958EC02004A6404 /* nightsettings.png in Resources */,
				94033A061960DA0400FD9516 /* AppIcon60x60@2x.png in Resources */,
				940339EB19609C1B00FD9516 /* normalback.png in Resources */,
				940339FE1960DA0400FD9516 /* AppIcon29x29@2x.png in Resources */,
				94792ABA1958EC02004A6404 /* nightplaybutton.png in Resources */,
				94792AC01958EC02004A6404 /* normalplaybutton.png in Resources */,
				94033A0A1960DA0400FD9516 /* AppIcon76x76@2x.png in Resources */,
				94BDFF49196B745100723965 /* nightcreditsbutton.png in Resources */,
				94792AB51958EC02004A6404 /* normalmodetitle.png in Resources */,
				94141A10197DC95A00AC8FCB /* normalfeedbackbutton.png in Resources */,
				94792ABC1958EC02004A6404 /* nighttitle.png in Resources */,
				94792AE0195CDFB2004A6404 /* break.mp3 in Resources */,
				94BDFF4A196B745100723965 /* nightratebutton.png in Resources */,
				94033A051960DA0400FD9516 /* AppIcon60x60.png in Resources */,
				940339E7195F892C00FD9516 /* nightball.png in Resources */,
				94033A041960DA0400FD9516 /* AppIcon57x57@2x.png in Resources */,
				94033A001960DA0400FD9516 /* AppIcon40x40@2x.png in Resources */,
				94792AC21958EC02004A6404 /* normaltitle.png in Resources */,
				94BDFF4C196B745100723965 /* settingsnighticon.png in Resources */,
				94792AC91958F7C9004A6404 /* normalball.png in Resources */,
				94033A0B1960DA0400FD9516 /* iTunesArtwork.png in Resources */,
				940339DB195F755600FD9516 /* normalselection.png in Resources */,
				94141A0F197DC95A00AC8FCB /* nightfeedbackbutton.png in Resources */,
				94D31A541972483E006E21C2 /* strategytitle.png in Resources */,
				94E19B93196C8F4600893DEE /* Media.xcassets in Resources */,
				94C9B6BA1979AC9F00AE4BF2 /* nightquote1.png in Resources */,
				940339FF1960DA0400FD9516 /* AppIcon40x40.png in Resources */,
				940339FD1960DA0400FD9516 /* AppIcon29x29.png in Resources */,
				94C9B6BB1979AC9F00AE4BF2 /* nightquote2.png in Resources */,
				94D31A511972483E006E21C2 /* strategymodebutton.png in Resources */,
				94033A1D19634EE200FD9516 /* flickering_noise.mp3 in Resources */,
				94033A2119634EE200FD9516 /* normalcreditsbutton.png in Resources */,
			);
			runOnlyForDeploymentPostprocessing = 0;
		};
		94C7FEBC194E3CDF00270AE8 /* Resources */ = {
			isa = PBXResourcesBuildPhase;
			buildActionMask = 2147483647;
			files = (
			);
			runOnlyForDeploymentPostprocessing = 0;
		};
/* End PBXResourcesBuildPhase section */

/* Begin PBXSourcesBuildPhase section */
		94C7FEA1194E3CDF00270AE8 /* Sources */ = {
			isa = PBXSourcesBuildPhase;
			buildActionMask = 2147483647;
			files = (
				94D31A48197236FE006E21C2 /* Normal.m in Sources */,
				947A9F5519589907006AE1C9 /* Menu.m in Sources */,
				94792ADA195B7218004A6404 /* Settings.m in Sources */,
				94E19B96196C93C600893DEE /* Credits.m in Sources */,
				94C7FEB1194E3CDF00270AE8 /* Bounce_ball.xcdatamodeld in Sources */,
				94033A14196205D200FD9516 /* NormalStrategic.m in Sources */,
				94C7FEAE194E3CDF00270AE8 /* AppDelegate.m in Sources */,
				94792A921958EBCF004A6404 /* Splashscreen.m in Sources */,
				94C7FEB4194E3CDF00270AE8 /* ViewController.m in Sources */,
				94C7FEAB194E3CDF00270AE8 /* main.m in Sources */,
				94792A951958EBDC004A6404 /* ModeSelect.m in Sources */,
			);
			runOnlyForDeploymentPostprocessing = 0;
		};
		94C7FEBA194E3CDF00270AE8 /* Sources */ = {
			isa = PBXSourcesBuildPhase;
			buildActionMask = 2147483647;
			files = (
				94C7FEC5194E3CDF00270AE8 /* Bounce_ballTests.m in Sources */,
			);
			runOnlyForDeploymentPostprocessing = 0;
		};
/* End PBXSourcesBuildPhase section */

/* Begin PBXTargetDependency section */
		94C7FEC0194E3CDF00270AE8 /* PBXTargetDependency */ = {
			isa = PBXTargetDependency;
			target = 94C7FEA4194E3CDF00270AE8 /* Bounce ball */;
			targetProxy = 94C7FEBF194E3CDF00270AE8 /* PBXContainerItemProxy */;
		};
/* End PBXTargetDependency section */

/* Begin PBXVariantGroup section */
		94C7FEB5194E3CDF00270AE8 /* Main.storyboard */ = {
			isa = PBXVariantGroup;
			children = (
				94C7FEB6194E3CDF00270AE8 /* Base */,
			);
			name = Main.storyboard;
			sourceTree = "<group>";
		};
/* End PBXVariantGroup section */

/* Begin XCBuildConfiguration section */
		94C7FEC6194E3CDF00270AE8 /* Debug */ = {
			isa = XCBuildConfiguration;
			buildSettings = {
				ALWAYS_SEARCH_USER_PATHS = NO;
				CLANG_CXX_LANGUAGE_STANDARD = "gnu++0x";
				CLANG_CXX_LIBRARY = "libc++";
				CLANG_ENABLE_MODULES = YES;
				CLANG_ENABLE_OBJC_ARC = YES;
				CLANG_WARN_BOOL_CONVERSION = YES;
				CLANG_WARN_CONSTANT_CONVERSION = YES;
				CLANG_WARN_DIRECT_OBJC_ISA_USAGE = YES_ERROR;
				CLANG_WARN_EMPTY_BODY = YES;
				CLANG_WARN_ENUM_CONVERSION = YES;
				CLANG_WARN_INT_CONVERSION = YES;
				CLANG_WARN_OBJC_ROOT_CLASS = YES_ERROR;
				CLANG_WARN_UNREACHABLE_CODE = YES;
				CLANG_WARN__DUPLICATE_METHOD_MATCH = YES;
				"CODE_SIGN_IDENTITY[sdk=iphoneos*]" = "iPhone Developer";
				COPY_PHASE_STRIP = NO;
				ENABLE_STRICT_OBJC_MSGSEND = YES;
				GCC_C_LANGUAGE_STANDARD = gnu99;
				GCC_DYNAMIC_NO_PIC = NO;
				GCC_OPTIMIZATION_LEVEL = 0;
				GCC_PREPROCESSOR_DEFINITIONS = (
					"DEBUG=1",
					"$(inherited)",
				);
				GCC_SYMBOLS_PRIVATE_EXTERN = NO;
				GCC_WARN_64_TO_32_BIT_CONVERSION = YES;
				GCC_WARN_ABOUT_RETURN_TYPE = YES_ERROR;
				GCC_WARN_UNDECLARED_SELECTOR = YES;
				GCC_WARN_UNINITIALIZED_AUTOS = YES_AGGRESSIVE;
				GCC_WARN_UNUSED_FUNCTION = YES;
				GCC_WARN_UNUSED_VARIABLE = YES;
				IPHONEOS_DEPLOYMENT_TARGET = 8.0;
				METAL_ENABLE_DEBUG_INFO = YES;
				ONLY_ACTIVE_ARCH = YES;
				SDKROOT = iphoneos;
				TARGETED_DEVICE_FAMILY = "1,2";
			};
			name = Debug;
		};
		94C7FEC7194E3CDF00270AE8 /* Release */ = {
			isa = XCBuildConfiguration;
			buildSettings = {
				ALWAYS_SEARCH_USER_PATHS = NO;
				CLANG_CXX_LANGUAGE_STANDARD = "gnu++0x";
				CLANG_CXX_LIBRARY = "libc++";
				CLANG_ENABLE_MODULES = YES;
				CLANG_ENABLE_OBJC_ARC = YES;
				CLANG_WARN_BOOL_CONVERSION = YES;
				CLANG_WARN_CONSTANT_CONVERSION = YES;
				CLANG_WARN_DIRECT_OBJC_ISA_USAGE = YES_ERROR;
				CLANG_WARN_EMPTY_BODY = YES;
				CLANG_WARN_ENUM_CONVERSION = YES;
				CLANG_WARN_INT_CONVERSION = YES;
				CLANG_WARN_OBJC_ROOT_CLASS = YES_ERROR;
				CLANG_WARN_UNREACHABLE_CODE = YES;
				CLANG_WARN__DUPLICATE_METHOD_MATCH = YES;
				"CODE_SIGN_IDENTITY[sdk=iphoneos*]" = "iPhone Developer";
				COPY_PHASE_STRIP = YES;
				ENABLE_NS_ASSERTIONS = NO;
				ENABLE_STRICT_OBJC_MSGSEND = YES;
				GCC_C_LANGUAGE_STANDARD = gnu99;
				GCC_WARN_64_TO_32_BIT_CONVERSION = YES;
				GCC_WARN_ABOUT_RETURN_TYPE = YES_ERROR;
				GCC_WARN_UNDECLARED_SELECTOR = YES;
				GCC_WARN_UNINITIALIZED_AUTOS = YES_AGGRESSIVE;
				GCC_WARN_UNUSED_FUNCTION = YES;
				GCC_WARN_UNUSED_VARIABLE = YES;
				IPHONEOS_DEPLOYMENT_TARGET = 8.0;
				METAL_ENABLE_DEBUG_INFO = NO;
				SDKROOT = iphoneos;
				TARGETED_DEVICE_FAMILY = "1,2";
				VALIDATE_PRODUCT = YES;
			};
			name = Release;
		};
		94C7FEC9194E3CDF00270AE8 /* Debug */ = {
			isa = XCBuildConfiguration;
			buildSettings = {
				ASSETCATALOG_COMPILER_APPICON_NAME = AppIcon;
				ASSETCATALOG_COMPILER_LAUNCHIMAGE_NAME = LaunchImage;
				CODE_SIGN_IDENTITY = "iPhone Distribution";
				"CODE_SIGN_IDENTITY[sdk=iphoneos*]" = "iPhone Developer";
				INFOPLIST_FILE = "Bounce ball/Info.plist";
				IPHONEOS_DEPLOYMENT_TARGET = 7.1;
				LD_RUNPATH_SEARCH_PATHS = "$(inherited) @executable_path/Frameworks";
				ONLY_ACTIVE_ARCH = YES;
				PRODUCT_NAME = "$(TARGET_NAME)";
				PROVISIONING_PROFILE = "";
				TARGETED_DEVICE_FAMILY = "1,2";
			};
			name = Debug;
		};
		94C7FECA194E3CDF00270AE8 /* Release */ = {
			isa = XCBuildConfiguration;
			buildSettings = {
				ASSETCATALOG_COMPILER_APPICON_NAME = AppIcon;
				ASSETCATALOG_COMPILER_LAUNCHIMAGE_NAME = LaunchImage;
				CODE_SIGN_IDENTITY = "iPhone Distribution";
				"CODE_SIGN_IDENTITY[sdk=iphoneos*]" = "iPhone Developer";
				INFOPLIST_FILE = "Bounce ball/Info.plist";
				IPHONEOS_DEPLOYMENT_TARGET = 7.1;
				LD_RUNPATH_SEARCH_PATHS = "$(inherited) @executable_path/Frameworks";
				ONLY_ACTIVE_ARCH = NO;
				PRODUCT_NAME = "$(TARGET_NAME)";
				PROVISIONING_PROFILE = "";
				TARGETED_DEVICE_FAMILY = "1,2";
			};
			name = Release;
		};
		94C7FECC194E3CDF00270AE8 /* Debug */ = {
			isa = XCBuildConfiguration;
			buildSettings = {
				BUNDLE_LOADER = "$(BUILT_PRODUCTS_DIR)/Bounce ball.app/Bounce ball";
				FRAMEWORK_SEARCH_PATHS = (
					"$(SDKROOT)/Developer/Library/Frameworks",
					"$(inherited)",
				);
				GCC_PREPROCESSOR_DEFINITIONS = (
					"DEBUG=1",
					"$(inherited)",
				);
				INFOPLIST_FILE = "Bounce ballTests/Info.plist";
				LD_RUNPATH_SEARCH_PATHS = "$(inherited) @executable_path/Frameworks @loader_path/Frameworks";
				METAL_ENABLE_DEBUG_INFO = YES;
				PRODUCT_NAME = "$(TARGET_NAME)";
				TEST_HOST = "$(BUNDLE_LOADER)";
			};
			name = Debug;
		};
		94C7FECD194E3CDF00270AE8 /* Release */ = {
			isa = XCBuildConfiguration;
			buildSettings = {
				BUNDLE_LOADER = "$(BUILT_PRODUCTS_DIR)/Bounce ball.app/Bounce ball";
				FRAMEWORK_SEARCH_PATHS = (
					"$(SDKROOT)/Developer/Library/Frameworks",
					"$(inherited)",
				);
				INFOPLIST_FILE = "Bounce ballTests/Info.plist";
				LD_RUNPATH_SEARCH_PATHS = "$(inherited) @executable_path/Frameworks @loader_path/Frameworks";
				METAL_ENABLE_DEBUG_INFO = NO;
				PRODUCT_NAME = "$(TARGET_NAME)";
				TEST_HOST = "$(BUNDLE_LOADER)";
			};
			name = Release;
		};
/* End XCBuildConfiguration section */

/* Begin XCConfigurationList section */
		94C7FEA0194E3CDF00270AE8 /* Build configuration list for PBXProject "Inside The Box" */ = {
			isa = XCConfigurationList;
			buildConfigurations = (
				94C7FEC6194E3CDF00270AE8 /* Debug */,
				94C7FEC7194E3CDF00270AE8 /* Release */,
			);
			defaultConfigurationIsVisible = 0;
			defaultConfigurationName = Release;
		};
		94C7FEC8194E3CDF00270AE8 /* Build configuration list for PBXNativeTarget "Bounce ball" */ = {
			isa = XCConfigurationList;
			buildConfigurations = (
				94C7FEC9194E3CDF00270AE8 /* Debug */,
				94C7FECA194E3CDF00270AE8 /* Release */,
			);
			defaultConfigurationIsVisible = 0;
			defaultConfigurationName = Release;
		};
		94C7FECB194E3CDF00270AE8 /* Build configuration list for PBXNativeTarget "Bounce ballTests" */ = {
			isa = XCConfigurationList;
			buildConfigurations = (
				94C7FECC194E3CDF00270AE8 /* Debug */,
				94C7FECD194E3CDF00270AE8 /* Release */,
			);
			defaultConfigurationIsVisible = 0;
			defaultConfigurationName = Release;
		};
/* End XCConfigurationList section */

/* Begin XCVersionGroup section */
		94C7FEAF194E3CDF00270AE8 /* Bounce_ball.xcdatamodeld */ = {
			isa = XCVersionGroup;
			children = (
				94C7FEB0194E3CDF00270AE8 /* Bounce_ball.xcdatamodel */,
			);
			currentVersion = 94C7FEB0194E3CDF00270AE8 /* Bounce_ball.xcdatamodel */;
			path = Bounce_ball.xcdatamodeld;
			sourceTree = "<group>";
			versionGroupType = wrapper.xcdatamodel;
		};
/* End XCVersionGroup section */
	};
	rootObject = 94C7FE9D194E3CDF00270AE8 /* Project object */;
}
